// !$*UTF8*$!
{
	archiveVersion = 1;
	classes = {
	};
	objectVersion = 56;
	objects = {

/* Begin PBXBuildFile section */
		C001517D2AF53211007DA96F /* ChangeUsernameView.swift in Sources */ = {isa = PBXBuildFile; fileRef = C001517C2AF53211007DA96F /* ChangeUsernameView.swift */; };
		C011082A2AE487C000406837 /* FirebaseAnalytics in Frameworks */ = {isa = PBXBuildFile; productRef = C01108292AE487C000406837 /* FirebaseAnalytics */; };
		C011082C2AE487C000406837 /* FirebaseAnalyticsOnDeviceConversion in Frameworks */ = {isa = PBXBuildFile; productRef = C011082B2AE487C000406837 /* FirebaseAnalyticsOnDeviceConversion */; };
		C011082E2AE487C000406837 /* FirebaseAnalyticsSwift in Frameworks */ = {isa = PBXBuildFile; productRef = C011082D2AE487C000406837 /* FirebaseAnalyticsSwift */; };
		C01108302AE487C000406837 /* FirebaseAnalyticsWithoutAdIdSupport in Frameworks */ = {isa = PBXBuildFile; productRef = C011082F2AE487C000406837 /* FirebaseAnalyticsWithoutAdIdSupport */; };
		C01108322AE487C000406837 /* FirebaseAppCheck in Frameworks */ = {isa = PBXBuildFile; productRef = C01108312AE487C000406837 /* FirebaseAppCheck */; };
		C01108342AE4884D00406837 /* LoginView.swift in Sources */ = {isa = PBXBuildFile; fileRef = C01108332AE4884D00406837 /* LoginView.swift */; };
		C01108362AE4894C00406837 /* FirebaseAuth in Frameworks */ = {isa = PBXBuildFile; productRef = C01108352AE4894C00406837 /* FirebaseAuth */; };
		C011083A2AE4921500406837 /* FirebaseFirestore in Frameworks */ = {isa = PBXBuildFile; productRef = C01108392AE4921500406837 /* FirebaseFirestore */; };
		C044EF082AED84D800AEC9E2 /* LeaderboardView.swift in Sources */ = {isa = PBXBuildFile; fileRef = C044EF072AED84D800AEC9E2 /* LeaderboardView.swift */; };
		C085316D2AF1E6F900EAA434 /* SharedMapView.swift in Sources */ = {isa = PBXBuildFile; fileRef = C085316C2AF1E6F900EAA434 /* SharedMapView.swift */; };
		C08531712AF2923300EAA434 /* CustomTabView.swift in Sources */ = {isa = PBXBuildFile; fileRef = C08531702AF2923300EAA434 /* CustomTabView.swift */; };
		C08531732AF2C03A00EAA434 /* SharedMapViewModel.swift in Sources */ = {isa = PBXBuildFile; fileRef = C08531722AF2C03A00EAA434 /* SharedMapViewModel.swift */; };
		C08531752AF2C27700EAA434 /* SharedView.swift in Sources */ = {isa = PBXBuildFile; fileRef = C08531742AF2C27700EAA434 /* SharedView.swift */; };
		C0949EFE2AE5B59A006EE5D2 /* MissingInfoView.swift in Sources */ = {isa = PBXBuildFile; fileRef = C0949EFD2AE5B59A006EE5D2 /* MissingInfoView.swift */; };
		C0949F002AE5BC22006EE5D2 /* SettingsView.swift in Sources */ = {isa = PBXBuildFile; fileRef = C0949EFF2AE5BC22006EE5D2 /* SettingsView.swift */; };
		C0949F022AE5BD5C006EE5D2 /* ManageFriendsViewModel.swift in Sources */ = {isa = PBXBuildFile; fileRef = C0949F012AE5BD5C006EE5D2 /* ManageFriendsViewModel.swift */; };
		C0949F042AE5C484006EE5D2 /* ConfirmDeleteAccountView.swift in Sources */ = {isa = PBXBuildFile; fileRef = C0949F032AE5C484006EE5D2 /* ConfirmDeleteAccountView.swift */; };
		C09C698B2AE8419E008A3148 /* AlertToast in Frameworks */ = {isa = PBXBuildFile; productRef = C09C698A2AE8419E008A3148 /* AlertToast */; };
		C09C698D2AE88382008A3148 /* FriendView.swift in Sources */ = {isa = PBXBuildFile; fileRef = C09C698C2AE88382008A3148 /* FriendView.swift */; };
		C09C698F2AE8838A008A3148 /* FriendViewModel.swift in Sources */ = {isa = PBXBuildFile; fileRef = C09C698E2AE8838A008A3148 /* FriendViewModel.swift */; };
		C09C69912AE883C2008A3148 /* FriendMapView.swift in Sources */ = {isa = PBXBuildFile; fileRef = C09C69902AE883C2008A3148 /* FriendMapView.swift */; };
		C09C69932AE88405008A3148 /* FriendMapViewModel.swift in Sources */ = {isa = PBXBuildFile; fileRef = C09C69922AE88405008A3148 /* FriendMapViewModel.swift */; };
		C0C808D82ADD83420070E679 /* BeenThereApp.swift in Sources */ = {isa = PBXBuildFile; fileRef = C0C808D72ADD83420070E679 /* BeenThereApp.swift */; };
		C0C808DA2ADD83420070E679 /* ContentView.swift in Sources */ = {isa = PBXBuildFile; fileRef = C0C808D92ADD83420070E679 /* ContentView.swift */; };
		C0C808DC2ADD83440070E679 /* Assets.xcassets in Resources */ = {isa = PBXBuildFile; fileRef = C0C808DB2ADD83440070E679 /* Assets.xcassets */; };
		C0C808DF2ADD83440070E679 /* Preview Assets.xcassets in Resources */ = {isa = PBXBuildFile; fileRef = C0C808DE2ADD83440070E679 /* Preview Assets.xcassets */; };
		C0C808E72ADD855C0070E679 /* MapView.swift in Sources */ = {isa = PBXBuildFile; fileRef = C0C808E62ADD855C0070E679 /* MapView.swift */; };
		C0C808E92ADD85670070E679 /* MapViewModel.swift in Sources */ = {isa = PBXBuildFile; fileRef = C0C808E82ADD85670070E679 /* MapViewModel.swift */; };
		C0C808EC2ADD857A0070E679 /* Mapbox in Frameworks */ = {isa = PBXBuildFile; productRef = C0C808EB2ADD857A0070E679 /* Mapbox */; };
		C0C808EE2ADD8A460070E679 /* GoogleService-Info.plist in Resources */ = {isa = PBXBuildFile; fileRef = C0C808ED2ADD8A450070E679 /* GoogleService-Info.plist */; };
		C0D2A9082AE585CB006326C1 /* AccountView.swift in Sources */ = {isa = PBXBuildFile; fileRef = C0D2A9072AE585CB006326C1 /* AccountView.swift */; };
		C0D2A90A2AE58EF5006326C1 /* AccountViewModel.swift in Sources */ = {isa = PBXBuildFile; fileRef = C0D2A9092AE58EF5006326C1 /* AccountViewModel.swift */; };
		C0D2A90C2AE593D1006326C1 /* ManageFriendsView.swift in Sources */ = {isa = PBXBuildFile; fileRef = C0D2A90B2AE593D1006326C1 /* ManageFriendsView.swift */; };
		C0D2A90E2AE5A16C006326C1 /* CreateUsernameView.swift in Sources */ = {isa = PBXBuildFile; fileRef = C0D2A90D2AE5A16C006326C1 /* CreateUsernameView.swift */; };
/* End PBXBuildFile section */

/* Begin PBXFileReference section */
		C001517C2AF53211007DA96F /* ChangeUsernameView.swift */ = {isa = PBXFileReference; lastKnownFileType = sourcecode.swift; path = ChangeUsernameView.swift; sourceTree = "<group>"; };
		C01108332AE4884D00406837 /* LoginView.swift */ = {isa = PBXFileReference; lastKnownFileType = sourcecode.swift; path = LoginView.swift; sourceTree = "<group>"; };
		C044EF072AED84D800AEC9E2 /* LeaderboardView.swift */ = {isa = PBXFileReference; lastKnownFileType = sourcecode.swift; path = LeaderboardView.swift; sourceTree = "<group>"; };
		C0453EBD2AE083DF00EAD893 /* BeenThere.entitlements */ = {isa = PBXFileReference; lastKnownFileType = text.plist.entitlements; path = BeenThere.entitlements; sourceTree = "<group>"; };
		C085316C2AF1E6F900EAA434 /* SharedMapView.swift */ = {isa = PBXFileReference; lastKnownFileType = sourcecode.swift; path = SharedMapView.swift; sourceTree = "<group>"; };
		C08531702AF2923300EAA434 /* CustomTabView.swift */ = {isa = PBXFileReference; lastKnownFileType = sourcecode.swift; path = CustomTabView.swift; sourceTree = "<group>"; };
		C08531722AF2C03A00EAA434 /* SharedMapViewModel.swift */ = {isa = PBXFileReference; lastKnownFileType = sourcecode.swift; path = SharedMapViewModel.swift; sourceTree = "<group>"; };
		C08531742AF2C27700EAA434 /* SharedView.swift */ = {isa = PBXFileReference; lastKnownFileType = sourcecode.swift; path = SharedView.swift; sourceTree = "<group>"; };
		C0949EFD2AE5B59A006EE5D2 /* MissingInfoView.swift */ = {isa = PBXFileReference; lastKnownFileType = sourcecode.swift; path = MissingInfoView.swift; sourceTree = "<group>"; };
		C0949EFF2AE5BC22006EE5D2 /* SettingsView.swift */ = {isa = PBXFileReference; lastKnownFileType = sourcecode.swift; path = SettingsView.swift; sourceTree = "<group>"; };
		C0949F012AE5BD5C006EE5D2 /* ManageFriendsViewModel.swift */ = {isa = PBXFileReference; lastKnownFileType = sourcecode.swift; path = ManageFriendsViewModel.swift; sourceTree = "<group>"; };
		C0949F032AE5C484006EE5D2 /* ConfirmDeleteAccountView.swift */ = {isa = PBXFileReference; lastKnownFileType = sourcecode.swift; path = ConfirmDeleteAccountView.swift; sourceTree = "<group>"; };
		C09C698C2AE88382008A3148 /* FriendView.swift */ = {isa = PBXFileReference; lastKnownFileType = sourcecode.swift; path = FriendView.swift; sourceTree = "<group>"; };
		C09C698E2AE8838A008A3148 /* FriendViewModel.swift */ = {isa = PBXFileReference; lastKnownFileType = sourcecode.swift; path = FriendViewModel.swift; sourceTree = "<group>"; };
		C09C69902AE883C2008A3148 /* FriendMapView.swift */ = {isa = PBXFileReference; lastKnownFileType = sourcecode.swift; path = FriendMapView.swift; sourceTree = "<group>"; };
		C09C69922AE88405008A3148 /* FriendMapViewModel.swift */ = {isa = PBXFileReference; lastKnownFileType = sourcecode.swift; path = FriendMapViewModel.swift; sourceTree = "<group>"; };
		C0C808D42ADD83420070E679 /* BeenThere.app */ = {isa = PBXFileReference; explicitFileType = wrapper.application; includeInIndex = 0; path = BeenThere.app; sourceTree = BUILT_PRODUCTS_DIR; };
		C0C808D72ADD83420070E679 /* BeenThereApp.swift */ = {isa = PBXFileReference; lastKnownFileType = sourcecode.swift; path = BeenThereApp.swift; sourceTree = "<group>"; };
		C0C808D92ADD83420070E679 /* ContentView.swift */ = {isa = PBXFileReference; lastKnownFileType = sourcecode.swift; path = ContentView.swift; sourceTree = "<group>"; };
		C0C808DB2ADD83440070E679 /* Assets.xcassets */ = {isa = PBXFileReference; lastKnownFileType = folder.assetcatalog; path = Assets.xcassets; sourceTree = "<group>"; };
		C0C808DE2ADD83440070E679 /* Preview Assets.xcassets */ = {isa = PBXFileReference; lastKnownFileType = folder.assetcatalog; path = "Preview Assets.xcassets"; sourceTree = "<group>"; };
		C0C808E52ADD84AE0070E679 /* Info.plist */ = {isa = PBXFileReference; lastKnownFileType = text.plist; path = Info.plist; sourceTree = "<group>"; };
		C0C808E62ADD855C0070E679 /* MapView.swift */ = {isa = PBXFileReference; lastKnownFileType = sourcecode.swift; path = MapView.swift; sourceTree = "<group>"; };
		C0C808E82ADD85670070E679 /* MapViewModel.swift */ = {isa = PBXFileReference; lastKnownFileType = sourcecode.swift; path = MapViewModel.swift; sourceTree = "<group>"; };
		C0C808ED2ADD8A450070E679 /* GoogleService-Info.plist */ = {isa = PBXFileReference; fileEncoding = 4; lastKnownFileType = text.plist.xml; path = "GoogleService-Info.plist"; sourceTree = "<group>"; };
		C0D2A9072AE585CB006326C1 /* AccountView.swift */ = {isa = PBXFileReference; lastKnownFileType = sourcecode.swift; path = AccountView.swift; sourceTree = "<group>"; };
		C0D2A9092AE58EF5006326C1 /* AccountViewModel.swift */ = {isa = PBXFileReference; lastKnownFileType = sourcecode.swift; path = AccountViewModel.swift; sourceTree = "<group>"; };
		C0D2A90B2AE593D1006326C1 /* ManageFriendsView.swift */ = {isa = PBXFileReference; lastKnownFileType = sourcecode.swift; path = ManageFriendsView.swift; sourceTree = "<group>"; };
		C0D2A90D2AE5A16C006326C1 /* CreateUsernameView.swift */ = {isa = PBXFileReference; lastKnownFileType = sourcecode.swift; path = CreateUsernameView.swift; sourceTree = "<group>"; };
/* End PBXFileReference section */

/* Begin PBXFrameworksBuildPhase section */
		C0C808D12ADD83420070E679 /* Frameworks */ = {
			isa = PBXFrameworksBuildPhase;
			buildActionMask = 2147483647;
			files = (
				C011082E2AE487C000406837 /* FirebaseAnalyticsSwift in Frameworks */,
				C01108302AE487C000406837 /* FirebaseAnalyticsWithoutAdIdSupport in Frameworks */,
				C011082A2AE487C000406837 /* FirebaseAnalytics in Frameworks */,
				C09C698B2AE8419E008A3148 /* AlertToast in Frameworks */,
				C011082C2AE487C000406837 /* FirebaseAnalyticsOnDeviceConversion in Frameworks */,
				C01108322AE487C000406837 /* FirebaseAppCheck in Frameworks */,
				C011083A2AE4921500406837 /* FirebaseFirestore in Frameworks */,
				C01108362AE4894C00406837 /* FirebaseAuth in Frameworks */,
				C0C808EC2ADD857A0070E679 /* Mapbox in Frameworks */,
			);
			runOnlyForDeploymentPostprocessing = 0;
		};
/* End PBXFrameworksBuildPhase section */

/* Begin PBXGroup section */
		C044EF092AED8A0E00AEC9E2 /* Trash */ = {
			isa = PBXGroup;
			children = (
				C09C698E2AE8838A008A3148 /* FriendViewModel.swift */,
				C0949EFF2AE5BC22006EE5D2 /* SettingsView.swift */,
			);
			path = Trash;
			sourceTree = "<group>";
		};
		C0C808CB2ADD83420070E679 = {
			isa = PBXGroup;
			children = (
				C0C808D62ADD83420070E679 /* BeenThere */,
				C0C808D52ADD83420070E679 /* Products */,
				C0C808FA2ADD8A9F0070E679 /* Frameworks */,
			);
			sourceTree = "<group>";
		};
		C0C808D52ADD83420070E679 /* Products */ = {
			isa = PBXGroup;
			children = (
				C0C808D42ADD83420070E679 /* BeenThere.app */,
			);
			name = Products;
			sourceTree = "<group>";
		};
		C0C808D62ADD83420070E679 /* BeenThere */ = {
			isa = PBXGroup;
			children = (
				C0453EBD2AE083DF00EAD893 /* BeenThere.entitlements */,
				C0C808E52ADD84AE0070E679 /* Info.plist */,
				C0C808D72ADD83420070E679 /* BeenThereApp.swift */,
				C01108332AE4884D00406837 /* LoginView.swift */,
				C0D2A90D2AE5A16C006326C1 /* CreateUsernameView.swift */,
				C0C808D92ADD83420070E679 /* ContentView.swift */,
				C08531702AF2923300EAA434 /* CustomTabView.swift */,
				C0D2A9072AE585CB006326C1 /* AccountView.swift */,
				C0D2A9092AE58EF5006326C1 /* AccountViewModel.swift */,
				C001517C2AF53211007DA96F /* ChangeUsernameView.swift */,
				C044EF072AED84D800AEC9E2 /* LeaderboardView.swift */,
				C08531742AF2C27700EAA434 /* SharedView.swift */,
				C085316C2AF1E6F900EAA434 /* SharedMapView.swift */,
				C08531722AF2C03A00EAA434 /* SharedMapViewModel.swift */,
				C09C698C2AE88382008A3148 /* FriendView.swift */,
				C0949F032AE5C484006EE5D2 /* ConfirmDeleteAccountView.swift */,
				C0949EFD2AE5B59A006EE5D2 /* MissingInfoView.swift */,
				C0D2A90B2AE593D1006326C1 /* ManageFriendsView.swift */,
				C0949F012AE5BD5C006EE5D2 /* ManageFriendsViewModel.swift */,
				C0C808E62ADD855C0070E679 /* MapView.swift */,
				C0C808E82ADD85670070E679 /* MapViewModel.swift */,
				C09C69902AE883C2008A3148 /* FriendMapView.swift */,
				C09C69922AE88405008A3148 /* FriendMapViewModel.swift */,
				C0C808ED2ADD8A450070E679 /* GoogleService-Info.plist */,
				C0C808DB2ADD83440070E679 /* Assets.xcassets */,
				C044EF092AED8A0E00AEC9E2 /* Trash */,
				C0C808DD2ADD83440070E679 /* Preview Content */,
			);
			path = BeenThere;
			sourceTree = "<group>";
		};
		C0C808DD2ADD83440070E679 /* Preview Content */ = {
			isa = PBXGroup;
			children = (
				C0C808DE2ADD83440070E679 /* Preview Assets.xcassets */,
			);
			path = "Preview Content";
			sourceTree = "<group>";
		};
		C0C808FA2ADD8A9F0070E679 /* Frameworks */ = {
			isa = PBXGroup;
			children = (
			);
			name = Frameworks;
			sourceTree = "<group>";
		};
/* End PBXGroup section */

/* Begin PBXNativeTarget section */
		C0C808D32ADD83420070E679 /* BeenThere */ = {
			isa = PBXNativeTarget;
			buildConfigurationList = C0C808E22ADD83440070E679 /* Build configuration list for PBXNativeTarget "BeenThere" */;
			buildPhases = (
				C0C808D02ADD83420070E679 /* Sources */,
				C0C808D12ADD83420070E679 /* Frameworks */,
				C0C808D22ADD83420070E679 /* Resources */,
			);
			buildRules = (
			);
			dependencies = (
			);
			name = BeenThere;
			packageProductDependencies = (
				C0C808EB2ADD857A0070E679 /* Mapbox */,
				C01108292AE487C000406837 /* FirebaseAnalytics */,
				C011082B2AE487C000406837 /* FirebaseAnalyticsOnDeviceConversion */,
				C011082D2AE487C000406837 /* FirebaseAnalyticsSwift */,
				C011082F2AE487C000406837 /* FirebaseAnalyticsWithoutAdIdSupport */,
				C01108312AE487C000406837 /* FirebaseAppCheck */,
				C01108352AE4894C00406837 /* FirebaseAuth */,
				C01108392AE4921500406837 /* FirebaseFirestore */,
				C09C698A2AE8419E008A3148 /* AlertToast */,
			);
			productName = BeenThere;
			productReference = C0C808D42ADD83420070E679 /* BeenThere.app */;
			productType = "com.apple.product-type.application";
		};
/* End PBXNativeTarget section */

/* Begin PBXProject section */
		C0C808CC2ADD83420070E679 /* Project object */ = {
			isa = PBXProject;
			attributes = {
				BuildIndependentTargetsInParallel = 1;
				LastSwiftUpdateCheck = 1500;
				LastUpgradeCheck = 1500;
				TargetAttributes = {
					C0C808D32ADD83420070E679 = {
						CreatedOnToolsVersion = 15.0;
					};
				};
			};
			buildConfigurationList = C0C808CF2ADD83420070E679 /* Build configuration list for PBXProject "BeenThere" */;
			compatibilityVersion = "Xcode 14.0";
			developmentRegion = en;
			hasScannedForEncodings = 0;
			knownRegions = (
				en,
				Base,
			);
			mainGroup = C0C808CB2ADD83420070E679;
			packageReferences = (
				C0C808EA2ADD857A0070E679 /* XCRemoteSwiftPackageReference "maplibre-gl-native-distribution" */,
				C01108282AE487C000406837 /* XCRemoteSwiftPackageReference "firebase-ios-sdk" */,
				C09C69892AE8419E008A3148 /* XCRemoteSwiftPackageReference "AlertToast" */,
			);
			productRefGroup = C0C808D52ADD83420070E679 /* Products */;
			projectDirPath = "";
			projectRoot = "";
			targets = (
				C0C808D32ADD83420070E679 /* BeenThere */,
			);
		};
/* End PBXProject section */

/* Begin PBXResourcesBuildPhase section */
		C0C808D22ADD83420070E679 /* Resources */ = {
			isa = PBXResourcesBuildPhase;
			buildActionMask = 2147483647;
			files = (
				C0C808DF2ADD83440070E679 /* Preview Assets.xcassets in Resources */,
				C0C808DC2ADD83440070E679 /* Assets.xcassets in Resources */,
				C0C808EE2ADD8A460070E679 /* GoogleService-Info.plist in Resources */,
			);
			runOnlyForDeploymentPostprocessing = 0;
		};
/* End PBXResourcesBuildPhase section */

/* Begin PBXSourcesBuildPhase section */
		C0C808D02ADD83420070E679 /* Sources */ = {
			isa = PBXSourcesBuildPhase;
			buildActionMask = 2147483647;
			files = (
				C09C698D2AE88382008A3148 /* FriendView.swift in Sources */,
				C0C808DA2ADD83420070E679 /* ContentView.swift in Sources */,
				C09C69932AE88405008A3148 /* FriendMapViewModel.swift in Sources */,
				C08531752AF2C27700EAA434 /* SharedView.swift in Sources */,
				C0C808E72ADD855C0070E679 /* MapView.swift in Sources */,
				C044EF082AED84D800AEC9E2 /* LeaderboardView.swift in Sources */,
				C08531732AF2C03A00EAA434 /* SharedMapViewModel.swift in Sources */,
				C0D2A90A2AE58EF5006326C1 /* AccountViewModel.swift in Sources */,
				C0C808D82ADD83420070E679 /* BeenThereApp.swift in Sources */,
				C08531712AF2923300EAA434 /* CustomTabView.swift in Sources */,
				C09C698F2AE8838A008A3148 /* FriendViewModel.swift in Sources */,
				C0D2A9082AE585CB006326C1 /* AccountView.swift in Sources */,
				C0949EFE2AE5B59A006EE5D2 /* MissingInfoView.swift in Sources */,
				C0D2A90E2AE5A16C006326C1 /* CreateUsernameView.swift in Sources */,
				C0949F022AE5BD5C006EE5D2 /* ManageFriendsViewModel.swift in Sources */,
				C085316D2AF1E6F900EAA434 /* SharedMapView.swift in Sources */,
				C01108342AE4884D00406837 /* LoginView.swift in Sources */,
				C0D2A90C2AE593D1006326C1 /* ManageFriendsView.swift in Sources */,
				C0C808E92ADD85670070E679 /* MapViewModel.swift in Sources */,
				C0949F042AE5C484006EE5D2 /* ConfirmDeleteAccountView.swift in Sources */,
				C001517D2AF53211007DA96F /* ChangeUsernameView.swift in Sources */,
				C0949F002AE5BC22006EE5D2 /* SettingsView.swift in Sources */,
				C09C69912AE883C2008A3148 /* FriendMapView.swift in Sources */,
			);
			runOnlyForDeploymentPostprocessing = 0;
		};
/* End PBXSourcesBuildPhase section */

/* Begin XCBuildConfiguration section */
		C0C808E02ADD83440070E679 /* Debug */ = {
			isa = XCBuildConfiguration;
			buildSettings = {
				ALWAYS_SEARCH_USER_PATHS = NO;
				ASSETCATALOG_COMPILER_GENERATE_SWIFT_ASSET_SYMBOL_EXTENSIONS = YES;
				CLANG_ANALYZER_NONNULL = YES;
				CLANG_ANALYZER_NUMBER_OBJECT_CONVERSION = YES_AGGRESSIVE;
				CLANG_CXX_LANGUAGE_STANDARD = "gnu++20";
				CLANG_ENABLE_MODULES = YES;
				CLANG_ENABLE_OBJC_ARC = YES;
				CLANG_ENABLE_OBJC_WEAK = YES;
				CLANG_WARN_BLOCK_CAPTURE_AUTORELEASING = YES;
				CLANG_WARN_BOOL_CONVERSION = YES;
				CLANG_WARN_COMMA = YES;
				CLANG_WARN_CONSTANT_CONVERSION = YES;
				CLANG_WARN_DEPRECATED_OBJC_IMPLEMENTATIONS = YES;
				CLANG_WARN_DIRECT_OBJC_ISA_USAGE = YES_ERROR;
				CLANG_WARN_DOCUMENTATION_COMMENTS = YES;
				CLANG_WARN_EMPTY_BODY = YES;
				CLANG_WARN_ENUM_CONVERSION = YES;
				CLANG_WARN_INFINITE_RECURSION = YES;
				CLANG_WARN_INT_CONVERSION = YES;
				CLANG_WARN_NON_LITERAL_NULL_CONVERSION = YES;
				CLANG_WARN_OBJC_IMPLICIT_RETAIN_SELF = YES;
				CLANG_WARN_OBJC_LITERAL_CONVERSION = YES;
				CLANG_WARN_OBJC_ROOT_CLASS = YES_ERROR;
				CLANG_WARN_QUOTED_INCLUDE_IN_FRAMEWORK_HEADER = YES;
				CLANG_WARN_RANGE_LOOP_ANALYSIS = YES;
				CLANG_WARN_STRICT_PROTOTYPES = YES;
				CLANG_WARN_SUSPICIOUS_MOVE = YES;
				CLANG_WARN_UNGUARDED_AVAILABILITY = YES_AGGRESSIVE;
				CLANG_WARN_UNREACHABLE_CODE = YES;
				CLANG_WARN__DUPLICATE_METHOD_MATCH = YES;
				COPY_PHASE_STRIP = NO;
				DEBUG_INFORMATION_FORMAT = dwarf;
				ENABLE_STRICT_OBJC_MSGSEND = YES;
				ENABLE_TESTABILITY = YES;
				ENABLE_USER_SCRIPT_SANDBOXING = YES;
				GCC_C_LANGUAGE_STANDARD = gnu17;
				GCC_DYNAMIC_NO_PIC = NO;
				GCC_NO_COMMON_BLOCKS = YES;
				GCC_OPTIMIZATION_LEVEL = 0;
				GCC_PREPROCESSOR_DEFINITIONS = (
					"DEBUG=1",
					"$(inherited)",
				);
				GCC_WARN_64_TO_32_BIT_CONVERSION = YES;
				GCC_WARN_ABOUT_RETURN_TYPE = YES_ERROR;
				GCC_WARN_UNDECLARED_SELECTOR = YES;
				GCC_WARN_UNINITIALIZED_AUTOS = YES_AGGRESSIVE;
				GCC_WARN_UNUSED_FUNCTION = YES;
				GCC_WARN_UNUSED_VARIABLE = YES;
				IPHONEOS_DEPLOYMENT_TARGET = 17.0;
				LOCALIZATION_PREFERS_STRING_CATALOGS = YES;
				MTL_ENABLE_DEBUG_INFO = INCLUDE_SOURCE;
				MTL_FAST_MATH = YES;
				ONLY_ACTIVE_ARCH = YES;
				SDKROOT = iphoneos;
				SWIFT_ACTIVE_COMPILATION_CONDITIONS = "DEBUG $(inherited)";
				SWIFT_OPTIMIZATION_LEVEL = "-Onone";
			};
			name = Debug;
		};
		C0C808E12ADD83440070E679 /* Release */ = {
			isa = XCBuildConfiguration;
			buildSettings = {
				ALWAYS_SEARCH_USER_PATHS = NO;
				ASSETCATALOG_COMPILER_GENERATE_SWIFT_ASSET_SYMBOL_EXTENSIONS = YES;
				CLANG_ANALYZER_NONNULL = YES;
				CLANG_ANALYZER_NUMBER_OBJECT_CONVERSION = YES_AGGRESSIVE;
				CLANG_CXX_LANGUAGE_STANDARD = "gnu++20";
				CLANG_ENABLE_MODULES = YES;
				CLANG_ENABLE_OBJC_ARC = YES;
				CLANG_ENABLE_OBJC_WEAK = YES;
				CLANG_WARN_BLOCK_CAPTURE_AUTORELEASING = YES;
				CLANG_WARN_BOOL_CONVERSION = YES;
				CLANG_WARN_COMMA = YES;
				CLANG_WARN_CONSTANT_CONVERSION = YES;
				CLANG_WARN_DEPRECATED_OBJC_IMPLEMENTATIONS = YES;
				CLANG_WARN_DIRECT_OBJC_ISA_USAGE = YES_ERROR;
				CLANG_WARN_DOCUMENTATION_COMMENTS = YES;
				CLANG_WARN_EMPTY_BODY = YES;
				CLANG_WARN_ENUM_CONVERSION = YES;
				CLANG_WARN_INFINITE_RECURSION = YES;
				CLANG_WARN_INT_CONVERSION = YES;
				CLANG_WARN_NON_LITERAL_NULL_CONVERSION = YES;
				CLANG_WARN_OBJC_IMPLICIT_RETAIN_SELF = YES;
				CLANG_WARN_OBJC_LITERAL_CONVERSION = YES;
				CLANG_WARN_OBJC_ROOT_CLASS = YES_ERROR;
				CLANG_WARN_QUOTED_INCLUDE_IN_FRAMEWORK_HEADER = YES;
				CLANG_WARN_RANGE_LOOP_ANALYSIS = YES;
				CLANG_WARN_STRICT_PROTOTYPES = YES;
				CLANG_WARN_SUSPICIOUS_MOVE = YES;
				CLANG_WARN_UNGUARDED_AVAILABILITY = YES_AGGRESSIVE;
				CLANG_WARN_UNREACHABLE_CODE = YES;
				CLANG_WARN__DUPLICATE_METHOD_MATCH = YES;
				COPY_PHASE_STRIP = NO;
				DEBUG_INFORMATION_FORMAT = "dwarf-with-dsym";
				ENABLE_NS_ASSERTIONS = NO;
				ENABLE_STRICT_OBJC_MSGSEND = YES;
				ENABLE_USER_SCRIPT_SANDBOXING = YES;
				GCC_C_LANGUAGE_STANDARD = gnu17;
				GCC_NO_COMMON_BLOCKS = YES;
				GCC_WARN_64_TO_32_BIT_CONVERSION = YES;
				GCC_WARN_ABOUT_RETURN_TYPE = YES_ERROR;
				GCC_WARN_UNDECLARED_SELECTOR = YES;
				GCC_WARN_UNINITIALIZED_AUTOS = YES_AGGRESSIVE;
				GCC_WARN_UNUSED_FUNCTION = YES;
				GCC_WARN_UNUSED_VARIABLE = YES;
				IPHONEOS_DEPLOYMENT_TARGET = 17.0;
				LOCALIZATION_PREFERS_STRING_CATALOGS = YES;
				MTL_ENABLE_DEBUG_INFO = NO;
				MTL_FAST_MATH = YES;
				SDKROOT = iphoneos;
				SWIFT_COMPILATION_MODE = wholemodule;
				VALIDATE_PRODUCT = YES;
			};
			name = Release;
		};
		C0C808E32ADD83440070E679 /* Debug */ = {
			isa = XCBuildConfiguration;
			buildSettings = {
				ASSETCATALOG_COMPILER_APPICON_NAME = AppIcon;
				ASSETCATALOG_COMPILER_GLOBAL_ACCENT_COLOR_NAME = AccentColor;
				CODE_SIGN_ENTITLEMENTS = BeenThere/BeenThere.entitlements;
				CODE_SIGN_STYLE = Automatic;
				CURRENT_PROJECT_VERSION = 2;
				DEVELOPMENT_ASSET_PATHS = "\"BeenThere/Preview Content\"";
				DEVELOPMENT_TEAM = 5SGZH379X4;
				ENABLE_PREVIEWS = YES;
				GENERATE_INFOPLIST_FILE = YES;
				INFOPLIST_FILE = BeenThere/Info.plist;
				INFOPLIST_KEY_CFBundleDisplayName = "Been There";
				INFOPLIST_KEY_LSApplicationCategoryType = "public.app-category.lifestyle";
				INFOPLIST_KEY_NSLocationAlwaysAndWhenInUseUsageDescription = "This app needs your location always to log where you have visited while the app is closed";
				INFOPLIST_KEY_NSLocationWhenInUseUsageDescription = "This app needs your location to log where you have visited while the app is open.";
				INFOPLIST_KEY_UIApplicationSceneManifest_Generation = YES;
				INFOPLIST_KEY_UIApplicationSupportsIndirectInputEvents = YES;
				INFOPLIST_KEY_UILaunchScreen_Generation = YES;
				INFOPLIST_KEY_UISupportedInterfaceOrientations = UIInterfaceOrientationPortrait;
				INFOPLIST_KEY_UISupportedInterfaceOrientations_iPad = "UIInterfaceOrientationLandscapeLeft UIInterfaceOrientationLandscapeRight UIInterfaceOrientationPortrait UIInterfaceOrientationPortraitUpsideDown";
				IPHONEOS_DEPLOYMENT_TARGET = 17.0;
				LD_RUNPATH_SEARCH_PATHS = (
					"$(inherited)",
					"@executable_path/Frameworks",
				);
				MARKETING_VERSION = 1.0.3;
				PRODUCT_BUNDLE_IDENTIFIER = me.jareddanieljones.BeenThere;
				PRODUCT_NAME = "$(TARGET_NAME)";
				SUPPORTED_PLATFORMS = "iphoneos iphonesimulator";
				SUPPORTS_MACCATALYST = NO;
				SUPPORTS_MAC_DESIGNED_FOR_IPHONE_IPAD = YES;
				SWIFT_EMIT_LOC_STRINGS = YES;
				SWIFT_VERSION = 5.0;
				TARGETED_DEVICE_FAMILY = "1,2";
			};
			name = Debug;
		};
		C0C808E42ADD83440070E679 /* Release */ = {
			isa = XCBuildConfiguration;
			buildSettings = {
				ASSETCATALOG_COMPILER_APPICON_NAME = AppIcon;
				ASSETCATALOG_COMPILER_GLOBAL_ACCENT_COLOR_NAME = AccentColor;
				CODE_SIGN_ENTITLEMENTS = BeenThere/BeenThere.entitlements;
				CODE_SIGN_STYLE = Automatic;
				CURRENT_PROJECT_VERSION = 2;
				DEVELOPMENT_ASSET_PATHS = "\"BeenThere/Preview Content\"";
				DEVELOPMENT_TEAM = 5SGZH379X4;
				ENABLE_PREVIEWS = YES;
				GENERATE_INFOPLIST_FILE = YES;
				INFOPLIST_FILE = BeenThere/Info.plist;
				INFOPLIST_KEY_CFBundleDisplayName = "Been There";
				INFOPLIST_KEY_LSApplicationCategoryType = "public.app-category.lifestyle";
				INFOPLIST_KEY_NSLocationAlwaysAndWhenInUseUsageDescription = "This app needs your location always to log where you have visited while the app is closed";
				INFOPLIST_KEY_NSLocationWhenInUseUsageDescription = "This app needs your location to log where you have visited while the app is open.";
				INFOPLIST_KEY_UIApplicationSceneManifest_Generation = YES;
				INFOPLIST_KEY_UIApplicationSupportsIndirectInputEvents = YES;
				INFOPLIST_KEY_UILaunchScreen_Generation = YES;
				INFOPLIST_KEY_UISupportedInterfaceOrientations = UIInterfaceOrientationPortrait;
				INFOPLIST_KEY_UISupportedInterfaceOrientations_iPad = "UIInterfaceOrientationLandscapeLeft UIInterfaceOrientationLandscapeRight UIInterfaceOrientationPortrait UIInterfaceOrientationPortraitUpsideDown";
				IPHONEOS_DEPLOYMENT_TARGET = 17.0;
				LD_RUNPATH_SEARCH_PATHS = (
					"$(inherited)",
					"@executable_path/Frameworks",
				);
				MARKETING_VERSION = 1.0.3;
				PRODUCT_BUNDLE_IDENTIFIER = me.jareddanieljones.BeenThere;
				PRODUCT_NAME = "$(TARGET_NAME)";
				SUPPORTED_PLATFORMS = "iphoneos iphonesimulator";
				SUPPORTS_MACCATALYST = NO;
				SUPPORTS_MAC_DESIGNED_FOR_IPHONE_IPAD = YES;
				SWIFT_EMIT_LOC_STRINGS = YES;
				SWIFT_VERSION = 5.0;
				TARGETED_DEVICE_FAMILY = "1,2";
			};
			name = Release;
		};
/* End XCBuildConfiguration section */

/* Begin XCConfigurationList section */
		C0C808CF2ADD83420070E679 /* Build configuration list for PBXProject "BeenThere" */ = {
			isa = XCConfigurationList;
			buildConfigurations = (
				C0C808E02ADD83440070E679 /* Debug */,
				C0C808E12ADD83440070E679 /* Release */,
			);
			defaultConfigurationIsVisible = 0;
			defaultConfigurationName = Release;
		};
		C0C808E22ADD83440070E679 /* Build configuration list for PBXNativeTarget "BeenThere" */ = {
			isa = XCConfigurationList;
			buildConfigurations = (
				C0C808E32ADD83440070E679 /* Debug */,
				C0C808E42ADD83440070E679 /* Release */,
			);
			defaultConfigurationIsVisible = 0;
			defaultConfigurationName = Release;
		};
/* End XCConfigurationList section */

/* Begin XCRemoteSwiftPackageReference section */
		C01108282AE487C000406837 /* XCRemoteSwiftPackageReference "firebase-ios-sdk" */ = {
			isa = XCRemoteSwiftPackageReference;
			repositoryURL = "https://github.com/firebase/firebase-ios-sdk.git";
			requirement = {
				kind = upToNextMajorVersion;
				minimumVersion = 10.16.0;
			};
		};
		C09C69892AE8419E008A3148 /* XCRemoteSwiftPackageReference "AlertToast" */ = {
			isa = XCRemoteSwiftPackageReference;
			repositoryURL = "https://github.com/elai950/AlertToast";
			requirement = {
				kind = upToNextMajorVersion;
				minimumVersion = 1.3.9;
			};
		};
		C0C808EA2ADD857A0070E679 /* XCRemoteSwiftPackageReference "maplibre-gl-native-distribution" */ = {
			isa = XCRemoteSwiftPackageReference;
			repositoryURL = "https://github.com/maplibre/maplibre-gl-native-distribution";
			requirement = {
				kind = upToNextMajorVersion;
				minimumVersion = 5.13.0;
			};
		};
/* End XCRemoteSwiftPackageReference section */

/* Begin XCSwiftPackageProductDependency section */
		C01108292AE487C000406837 /* FirebaseAnalytics */ = {
			isa = XCSwiftPackageProductDependency;
			package = C01108282AE487C000406837 /* XCRemoteSwiftPackageReference "firebase-ios-sdk" */;
			productName = FirebaseAnalytics;
		};
		C011082B2AE487C000406837 /* FirebaseAnalyticsOnDeviceConversion */ = {
			isa = XCSwiftPackageProductDependency;
			package = C01108282AE487C000406837 /* XCRemoteSwiftPackageReference "firebase-ios-sdk" */;
			productName = FirebaseAnalyticsOnDeviceConversion;
		};
		C011082D2AE487C000406837 /* FirebaseAnalyticsSwift */ = {
			isa = XCSwiftPackageProductDependency;
			package = C01108282AE487C000406837 /* XCRemoteSwiftPackageReference "firebase-ios-sdk" */;
			productName = FirebaseAnalyticsSwift;
		};
		C011082F2AE487C000406837 /* FirebaseAnalyticsWithoutAdIdSupport */ = {
			isa = XCSwiftPackageProductDependency;
			package = C01108282AE487C000406837 /* XCRemoteSwiftPackageReference "firebase-ios-sdk" */;
			productName = FirebaseAnalyticsWithoutAdIdSupport;
		};
		C01108312AE487C000406837 /* FirebaseAppCheck */ = {
			isa = XCSwiftPackageProductDependency;
			package = C01108282AE487C000406837 /* XCRemoteSwiftPackageReference "firebase-ios-sdk" */;
			productName = FirebaseAppCheck;
		};
		C01108352AE4894C00406837 /* FirebaseAuth */ = {
			isa = XCSwiftPackageProductDependency;
			package = C01108282AE487C000406837 /* XCRemoteSwiftPackageReference "firebase-ios-sdk" */;
			productName = FirebaseAuth;
		};
		C01108392AE4921500406837 /* FirebaseFirestore */ = {
			isa = XCSwiftPackageProductDependency;
			package = C01108282AE487C000406837 /* XCRemoteSwiftPackageReference "firebase-ios-sdk" */;
			productName = FirebaseFirestore;
		};
		C09C698A2AE8419E008A3148 /* AlertToast */ = {
			isa = XCSwiftPackageProductDependency;
			package = C09C69892AE8419E008A3148 /* XCRemoteSwiftPackageReference "AlertToast" */;
			productName = AlertToast;
		};
		C0C808EB2ADD857A0070E679 /* Mapbox */ = {
			isa = XCSwiftPackageProductDependency;
			package = C0C808EA2ADD857A0070E679 /* XCRemoteSwiftPackageReference "maplibre-gl-native-distribution" */;
			productName = Mapbox;
		};
/* End XCSwiftPackageProductDependency section */
	};
	rootObject = C0C808CC2ADD83420070E679 /* Project object */;
}
