// !$*UTF8*$!
{
	archiveVersion = 1;
	classes = {
	};
	objectVersion = 56;
	objects = {

/* Begin PBXBuildFile section */
		C001517D2AF53211007DA96F /* ChangeUsernameView.swift in Sources */ = {isa = PBXBuildFile; fileRef = C001517C2AF53211007DA96F /* ChangeUsernameView.swift */; };
		C0245CCD2AF947CD00C7CD4F /* ProfileView.swift in Sources */ = {isa = PBXBuildFile; fileRef = C0245CCC2AF947CD00C7CD4F /* ProfileView.swift */; };
		C044EF082AED84D800AEC9E2 /* LeaderboardView.swift in Sources */ = {isa = PBXBuildFile; fileRef = C044EF072AED84D800AEC9E2 /* LeaderboardView.swift */; };
		C04E07272B029E9A00340D58 /* EditProfileView.swift in Sources */ = {isa = PBXBuildFile; fileRef = C04E07262B029E9A00340D58 /* EditProfileView.swift */; };
		C04E072A2B02AAF200340D58 /* Kingfisher in Frameworks */ = {isa = PBXBuildFile; productRef = C04E07292B02AAF200340D58 /* Kingfisher */; };
		C04E072C2B02BA2500340D58 /* EditProfileViewModel.swift in Sources */ = {isa = PBXBuildFile; fileRef = C04E072B2B02BA2500340D58 /* EditProfileViewModel.swift */; };
		C053C1B52AFA94E6006B1230 /* LoginView.swift in Sources */ = {isa = PBXBuildFile; fileRef = C053C1B42AFA94E6006B1230 /* LoginView.swift */; };
		C053C1B72AFA950C006B1230 /* CreateUsernameView.swift in Sources */ = {isa = PBXBuildFile; fileRef = C053C1B62AFA950C006B1230 /* CreateUsernameView.swift */; };
		C085316D2AF1E6F900EAA434 /* SharedMapView.swift in Sources */ = {isa = PBXBuildFile; fileRef = C085316C2AF1E6F900EAA434 /* SharedMapView.swift */; };
		C08531712AF2923300EAA434 /* CustomTabView.swift in Sources */ = {isa = PBXBuildFile; fileRef = C08531702AF2923300EAA434 /* CustomTabView.swift */; };
		C08531732AF2C03A00EAA434 /* SharedMapViewModel.swift in Sources */ = {isa = PBXBuildFile; fileRef = C08531722AF2C03A00EAA434 /* SharedMapViewModel.swift */; };
		C08531752AF2C27700EAA434 /* SharedView.swift in Sources */ = {isa = PBXBuildFile; fileRef = C08531742AF2C27700EAA434 /* SharedView.swift */; };
		C0949F022AE5BD5C006EE5D2 /* ManageFriendsViewModel.swift in Sources */ = {isa = PBXBuildFile; fileRef = C0949F012AE5BD5C006EE5D2 /* ManageFriendsViewModel.swift */; };
		C0949F042AE5C484006EE5D2 /* ConfirmDeleteAccountView.swift in Sources */ = {isa = PBXBuildFile; fileRef = C0949F032AE5C484006EE5D2 /* ConfirmDeleteAccountView.swift */; };
		C09C698D2AE88382008A3148 /* FriendView.swift in Sources */ = {isa = PBXBuildFile; fileRef = C09C698C2AE88382008A3148 /* FriendView.swift */; };
		C09C69912AE883C2008A3148 /* FriendMapView.swift in Sources */ = {isa = PBXBuildFile; fileRef = C09C69902AE883C2008A3148 /* FriendMapView.swift */; };
		C09C69932AE88405008A3148 /* FriendMapViewModel.swift in Sources */ = {isa = PBXBuildFile; fileRef = C09C69922AE88405008A3148 /* FriendMapViewModel.swift */; };
		C0B4C0242B0126A0006D5022 /* TemplateMapViewModel.swift in Sources */ = {isa = PBXBuildFile; fileRef = C0B4C0232B0126A0006D5022 /* TemplateMapViewModel.swift */; };
		C0C808D82ADD83420070E679 /* BeenThereApp.swift in Sources */ = {isa = PBXBuildFile; fileRef = C0C808D72ADD83420070E679 /* BeenThereApp.swift */; };
		C0C808DA2ADD83420070E679 /* ContentView.swift in Sources */ = {isa = PBXBuildFile; fileRef = C0C808D92ADD83420070E679 /* ContentView.swift */; };
		C0C808DC2ADD83440070E679 /* Assets.xcassets in Resources */ = {isa = PBXBuildFile; fileRef = C0C808DB2ADD83440070E679 /* Assets.xcassets */; };
		C0C808DF2ADD83440070E679 /* Preview Assets.xcassets in Resources */ = {isa = PBXBuildFile; fileRef = C0C808DE2ADD83440070E679 /* Preview Assets.xcassets */; };
		C0C808EE2ADD8A460070E679 /* GoogleService-Info.plist in Resources */ = {isa = PBXBuildFile; fileRef = C0C808ED2ADD8A450070E679 /* GoogleService-Info.plist */; };
		C0CA21E92AF9C9EA00F5667A /* AlertToast in Frameworks */ = {isa = PBXBuildFile; productRef = C0CA21E82AF9C9EA00F5667A /* AlertToast */; };
		C0CA21EC2AF9CA1A00F5667A /* FirebaseAnalytics in Frameworks */ = {isa = PBXBuildFile; productRef = C0CA21EB2AF9CA1A00F5667A /* FirebaseAnalytics */; };
		C0CA21EE2AF9CA1A00F5667A /* FirebaseAnalyticsOnDeviceConversion in Frameworks */ = {isa = PBXBuildFile; productRef = C0CA21ED2AF9CA1A00F5667A /* FirebaseAnalyticsOnDeviceConversion */; };
		C0CA21F02AF9CA1A00F5667A /* FirebaseAnalyticsSwift in Frameworks */ = {isa = PBXBuildFile; productRef = C0CA21EF2AF9CA1A00F5667A /* FirebaseAnalyticsSwift */; };
		C0CA21F22AF9CA1A00F5667A /* FirebaseAnalyticsWithoutAdIdSupport in Frameworks */ = {isa = PBXBuildFile; productRef = C0CA21F12AF9CA1A00F5667A /* FirebaseAnalyticsWithoutAdIdSupport */; };
		C0CA21F42AF9CA1A00F5667A /* FirebaseAppCheck in Frameworks */ = {isa = PBXBuildFile; productRef = C0CA21F32AF9CA1A00F5667A /* FirebaseAppCheck */; };
		C0CA21F62AF9CA1A00F5667A /* FirebaseAppDistribution-Beta in Frameworks */ = {isa = PBXBuildFile; productRef = C0CA21F52AF9CA1A00F5667A /* FirebaseAppDistribution-Beta */; };
		C0CA21F82AF9CA1A00F5667A /* FirebaseAuth in Frameworks */ = {isa = PBXBuildFile; productRef = C0CA21F72AF9CA1A00F5667A /* FirebaseAuth */; };
		C0CA21FA2AF9CA1A00F5667A /* FirebaseAuthCombine-Community in Frameworks */ = {isa = PBXBuildFile; productRef = C0CA21F92AF9CA1A00F5667A /* FirebaseAuthCombine-Community */; };
		C0CA21FC2AF9CA1A00F5667A /* FirebaseCrashlytics in Frameworks */ = {isa = PBXBuildFile; productRef = C0CA21FB2AF9CA1A00F5667A /* FirebaseCrashlytics */; };
		C0CA21FE2AF9CA1A00F5667A /* FirebaseDatabase in Frameworks */ = {isa = PBXBuildFile; productRef = C0CA21FD2AF9CA1A00F5667A /* FirebaseDatabase */; };
		C0CA22002AF9CA1A00F5667A /* FirebaseDatabaseSwift in Frameworks */ = {isa = PBXBuildFile; productRef = C0CA21FF2AF9CA1A00F5667A /* FirebaseDatabaseSwift */; };
		C0CA22022AF9CA1A00F5667A /* FirebaseDynamicLinks in Frameworks */ = {isa = PBXBuildFile; productRef = C0CA22012AF9CA1A00F5667A /* FirebaseDynamicLinks */; };
		C0CA22042AF9CA1A00F5667A /* FirebaseFirestore in Frameworks */ = {isa = PBXBuildFile; productRef = C0CA22032AF9CA1A00F5667A /* FirebaseFirestore */; };
		C0CA22062AF9CA1A00F5667A /* FirebaseFirestoreCombine-Community in Frameworks */ = {isa = PBXBuildFile; productRef = C0CA22052AF9CA1A00F5667A /* FirebaseFirestoreCombine-Community */; };
		C0CA22082AF9CA1A00F5667A /* FirebaseFirestoreSwift in Frameworks */ = {isa = PBXBuildFile; productRef = C0CA22072AF9CA1A00F5667A /* FirebaseFirestoreSwift */; };
		C0CA220A2AF9CA1A00F5667A /* FirebaseFunctions in Frameworks */ = {isa = PBXBuildFile; productRef = C0CA22092AF9CA1A00F5667A /* FirebaseFunctions */; };
		C0CA220C2AF9CA1A00F5667A /* FirebaseFunctionsCombine-Community in Frameworks */ = {isa = PBXBuildFile; productRef = C0CA220B2AF9CA1A00F5667A /* FirebaseFunctionsCombine-Community */; };
		C0CA220E2AF9CA1A00F5667A /* FirebaseInAppMessaging-Beta in Frameworks */ = {isa = PBXBuildFile; productRef = C0CA220D2AF9CA1A00F5667A /* FirebaseInAppMessaging-Beta */; };
		C0CA22102AF9CA1A00F5667A /* FirebaseInAppMessagingSwift-Beta in Frameworks */ = {isa = PBXBuildFile; productRef = C0CA220F2AF9CA1A00F5667A /* FirebaseInAppMessagingSwift-Beta */; };
		C0CA22122AF9CA1A00F5667A /* FirebaseInstallations in Frameworks */ = {isa = PBXBuildFile; productRef = C0CA22112AF9CA1A00F5667A /* FirebaseInstallations */; };
		C0CA22142AF9CA1A00F5667A /* FirebaseMLModelDownloader in Frameworks */ = {isa = PBXBuildFile; productRef = C0CA22132AF9CA1A00F5667A /* FirebaseMLModelDownloader */; };
		C0CA22162AF9CA1A00F5667A /* FirebaseMessaging in Frameworks */ = {isa = PBXBuildFile; productRef = C0CA22152AF9CA1A00F5667A /* FirebaseMessaging */; };
		C0CA22182AF9CA1A00F5667A /* FirebasePerformance in Frameworks */ = {isa = PBXBuildFile; productRef = C0CA22172AF9CA1A00F5667A /* FirebasePerformance */; };
		C0CA221A2AF9CA1A00F5667A /* FirebaseRemoteConfig in Frameworks */ = {isa = PBXBuildFile; productRef = C0CA22192AF9CA1A00F5667A /* FirebaseRemoteConfig */; };
		C0CA221C2AF9CA1A00F5667A /* FirebaseRemoteConfigSwift in Frameworks */ = {isa = PBXBuildFile; productRef = C0CA221B2AF9CA1A00F5667A /* FirebaseRemoteConfigSwift */; };
		C0CA221E2AF9CA1A00F5667A /* FirebaseStorage in Frameworks */ = {isa = PBXBuildFile; productRef = C0CA221D2AF9CA1A00F5667A /* FirebaseStorage */; };
		C0CA22202AF9CA1A00F5667A /* FirebaseStorageCombine-Community in Frameworks */ = {isa = PBXBuildFile; productRef = C0CA221F2AF9CA1A00F5667A /* FirebaseStorageCombine-Community */; };
		C0CA22212AF9CA2500F5667A /* MapboxCommon.xcframework in Frameworks */ = {isa = PBXBuildFile; fileRef = C0CA21E12AF9C9DA00F5667A /* MapboxCommon.xcframework */; };
		C0CA22222AF9CA2500F5667A /* MapboxCommon.xcframework in Embed Frameworks */ = {isa = PBXBuildFile; fileRef = C0CA21E12AF9C9DA00F5667A /* MapboxCommon.xcframework */; settings = {ATTRIBUTES = (CodeSignOnCopy, RemoveHeadersOnCopy, ); }; };
		C0CA22242AF9CA2700F5667A /* MapboxCoreMaps.xcframework in Frameworks */ = {isa = PBXBuildFile; fileRef = C0CA21DD2AF9C9D800F5667A /* MapboxCoreMaps.xcframework */; };
		C0CA22252AF9CA2700F5667A /* MapboxCoreMaps.xcframework in Embed Frameworks */ = {isa = PBXBuildFile; fileRef = C0CA21DD2AF9C9D800F5667A /* MapboxCoreMaps.xcframework */; settings = {ATTRIBUTES = (CodeSignOnCopy, RemoveHeadersOnCopy, ); }; };
		C0CA22262AF9CA2800F5667A /* MapboxMaps.xcframework in Frameworks */ = {isa = PBXBuildFile; fileRef = C0CA21DF2AF9C9D800F5667A /* MapboxMaps.xcframework */; };
		C0CA22272AF9CA2800F5667A /* MapboxMaps.xcframework in Embed Frameworks */ = {isa = PBXBuildFile; fileRef = C0CA21DF2AF9C9D800F5667A /* MapboxMaps.xcframework */; settings = {ATTRIBUTES = (CodeSignOnCopy, RemoveHeadersOnCopy, ); }; };
		C0CA22282AF9CA2900F5667A /* MapboxMobileEvents.xcframework in Frameworks */ = {isa = PBXBuildFile; fileRef = C0CA21E02AF9C9D900F5667A /* MapboxMobileEvents.xcframework */; };
		C0CA22292AF9CA2900F5667A /* MapboxMobileEvents.xcframework in Embed Frameworks */ = {isa = PBXBuildFile; fileRef = C0CA21E02AF9C9D900F5667A /* MapboxMobileEvents.xcframework */; settings = {ATTRIBUTES = (CodeSignOnCopy, RemoveHeadersOnCopy, ); }; };
		C0CA222A2AF9CA2A00F5667A /* Turf.xcframework in Frameworks */ = {isa = PBXBuildFile; fileRef = C0CA21DE2AF9C9D800F5667A /* Turf.xcframework */; };
		C0CA222B2AF9CA2A00F5667A /* Turf.xcframework in Embed Frameworks */ = {isa = PBXBuildFile; fileRef = C0CA21DE2AF9C9D800F5667A /* Turf.xcframework */; settings = {ATTRIBUTES = (CodeSignOnCopy, RemoveHeadersOnCopy, ); }; };
		C0D2A9082AE585CB006326C1 /* SettingsView.swift in Sources */ = {isa = PBXBuildFile; fileRef = C0D2A9072AE585CB006326C1 /* SettingsView.swift */; };
		C0D2A90A2AE58EF5006326C1 /* SettingsViewModel.swift in Sources */ = {isa = PBXBuildFile; fileRef = C0D2A9092AE58EF5006326C1 /* SettingsViewModel.swift */; };
		C0D2A90C2AE593D1006326C1 /* ManageFriendsView.swift in Sources */ = {isa = PBXBuildFile; fileRef = C0D2A90B2AE593D1006326C1 /* ManageFriendsView.swift */; };
		C0E48CF72AF82C4100E6DD27 /* ChatGPT.swift in Sources */ = {isa = PBXBuildFile; fileRef = C0E48CF62AF82C4100E6DD27 /* ChatGPT.swift */; };
		C0F46EE72AF954A000C2776A /* FeedViewModel.swift in Sources */ = {isa = PBXBuildFile; fileRef = C0F46EE62AF954A000C2776A /* FeedViewModel.swift */; };
		C0F46EE92AF954B900C2776A /* FeedView.swift in Sources */ = {isa = PBXBuildFile; fileRef = C0F46EE82AF954B900C2776A /* FeedView.swift */; };
		C0F46EEB2AF9BD2700C2776A /* MainMapView.swift in Sources */ = {isa = PBXBuildFile; fileRef = C0F46EEA2AF9BD2700C2776A /* MainMapView.swift */; };
		C0F46EED2AF9BD3400C2776A /* MainMapViewModel.swift in Sources */ = {isa = PBXBuildFile; fileRef = C0F46EEC2AF9BD3400C2776A /* MainMapViewModel.swift */; };
/* End PBXBuildFile section */

/* Begin PBXCopyFilesBuildPhase section */
		C0CA22232AF9CA2500F5667A /* Embed Frameworks */ = {
			isa = PBXCopyFilesBuildPhase;
			buildActionMask = 2147483647;
			dstPath = "";
			dstSubfolderSpec = 10;
			files = (
				C0CA22252AF9CA2700F5667A /* MapboxCoreMaps.xcframework in Embed Frameworks */,
				C0CA22292AF9CA2900F5667A /* MapboxMobileEvents.xcframework in Embed Frameworks */,
				C0CA22222AF9CA2500F5667A /* MapboxCommon.xcframework in Embed Frameworks */,
				C0CA222B2AF9CA2A00F5667A /* Turf.xcframework in Embed Frameworks */,
				C0CA22272AF9CA2800F5667A /* MapboxMaps.xcframework in Embed Frameworks */,
			);
			name = "Embed Frameworks";
			runOnlyForDeploymentPostprocessing = 0;
		};
/* End PBXCopyFilesBuildPhase section */

/* Begin PBXFileReference section */
		C001517C2AF53211007DA96F /* ChangeUsernameView.swift */ = {isa = PBXFileReference; lastKnownFileType = sourcecode.swift; path = ChangeUsernameView.swift; sourceTree = "<group>"; };
		C0245CCC2AF947CD00C7CD4F /* ProfileView.swift */ = {isa = PBXFileReference; lastKnownFileType = sourcecode.swift; path = ProfileView.swift; sourceTree = "<group>"; };
		C044EF072AED84D800AEC9E2 /* LeaderboardView.swift */ = {isa = PBXFileReference; lastKnownFileType = sourcecode.swift; path = LeaderboardView.swift; sourceTree = "<group>"; };
		C0453EBD2AE083DF00EAD893 /* BeenThere.entitlements */ = {isa = PBXFileReference; lastKnownFileType = text.plist.entitlements; path = BeenThere.entitlements; sourceTree = "<group>"; };
		C04E07262B029E9A00340D58 /* EditProfileView.swift */ = {isa = PBXFileReference; lastKnownFileType = sourcecode.swift; path = EditProfileView.swift; sourceTree = "<group>"; };
		C04E072B2B02BA2500340D58 /* EditProfileViewModel.swift */ = {isa = PBXFileReference; lastKnownFileType = sourcecode.swift; path = EditProfileViewModel.swift; sourceTree = "<group>"; };
		C053C1B42AFA94E6006B1230 /* LoginView.swift */ = {isa = PBXFileReference; fileEncoding = 4; lastKnownFileType = sourcecode.swift; path = LoginView.swift; sourceTree = "<group>"; };
		C053C1B62AFA950C006B1230 /* CreateUsernameView.swift */ = {isa = PBXFileReference; fileEncoding = 4; lastKnownFileType = sourcecode.swift; path = CreateUsernameView.swift; sourceTree = "<group>"; };
		C085316C2AF1E6F900EAA434 /* SharedMapView.swift */ = {isa = PBXFileReference; lastKnownFileType = sourcecode.swift; path = SharedMapView.swift; sourceTree = "<group>"; };
		C08531702AF2923300EAA434 /* CustomTabView.swift */ = {isa = PBXFileReference; lastKnownFileType = sourcecode.swift; path = CustomTabView.swift; sourceTree = "<group>"; };
		C08531722AF2C03A00EAA434 /* SharedMapViewModel.swift */ = {isa = PBXFileReference; lastKnownFileType = sourcecode.swift; path = SharedMapViewModel.swift; sourceTree = "<group>"; };
		C08531742AF2C27700EAA434 /* SharedView.swift */ = {isa = PBXFileReference; lastKnownFileType = sourcecode.swift; path = SharedView.swift; sourceTree = "<group>"; };
		C0949F012AE5BD5C006EE5D2 /* ManageFriendsViewModel.swift */ = {isa = PBXFileReference; lastKnownFileType = sourcecode.swift; path = ManageFriendsViewModel.swift; sourceTree = "<group>"; };
		C0949F032AE5C484006EE5D2 /* ConfirmDeleteAccountView.swift */ = {isa = PBXFileReference; lastKnownFileType = sourcecode.swift; path = ConfirmDeleteAccountView.swift; sourceTree = "<group>"; };
		C09C698C2AE88382008A3148 /* FriendView.swift */ = {isa = PBXFileReference; lastKnownFileType = sourcecode.swift; path = FriendView.swift; sourceTree = "<group>"; };
		C09C69902AE883C2008A3148 /* FriendMapView.swift */ = {isa = PBXFileReference; lastKnownFileType = sourcecode.swift; path = FriendMapView.swift; sourceTree = "<group>"; };
		C09C69922AE88405008A3148 /* FriendMapViewModel.swift */ = {isa = PBXFileReference; lastKnownFileType = sourcecode.swift; path = FriendMapViewModel.swift; sourceTree = "<group>"; };
		C0B4C0232B0126A0006D5022 /* TemplateMapViewModel.swift */ = {isa = PBXFileReference; lastKnownFileType = sourcecode.swift; path = TemplateMapViewModel.swift; sourceTree = "<group>"; };
		C0C808D42ADD83420070E679 /* BeenThere.app */ = {isa = PBXFileReference; explicitFileType = wrapper.application; includeInIndex = 0; path = BeenThere.app; sourceTree = BUILT_PRODUCTS_DIR; };
		C0C808D72ADD83420070E679 /* BeenThereApp.swift */ = {isa = PBXFileReference; lastKnownFileType = sourcecode.swift; path = BeenThereApp.swift; sourceTree = "<group>"; };
		C0C808D92ADD83420070E679 /* ContentView.swift */ = {isa = PBXFileReference; lastKnownFileType = sourcecode.swift; path = ContentView.swift; sourceTree = "<group>"; };
		C0C808DB2ADD83440070E679 /* Assets.xcassets */ = {isa = PBXFileReference; lastKnownFileType = folder.assetcatalog; path = Assets.xcassets; sourceTree = "<group>"; };
		C0C808DE2ADD83440070E679 /* Preview Assets.xcassets */ = {isa = PBXFileReference; lastKnownFileType = folder.assetcatalog; path = "Preview Assets.xcassets"; sourceTree = "<group>"; };
		C0C808E52ADD84AE0070E679 /* Info.plist */ = {isa = PBXFileReference; lastKnownFileType = text.plist; path = Info.plist; sourceTree = "<group>"; };
		C0C808ED2ADD8A450070E679 /* GoogleService-Info.plist */ = {isa = PBXFileReference; fileEncoding = 4; lastKnownFileType = text.plist.xml; path = "GoogleService-Info.plist"; sourceTree = "<group>"; };
		C0CA21DD2AF9C9D800F5667A /* MapboxCoreMaps.xcframework */ = {isa = PBXFileReference; lastKnownFileType = wrapper.xcframework; path = MapboxCoreMaps.xcframework; sourceTree = "<group>"; };
		C0CA21DE2AF9C9D800F5667A /* Turf.xcframework */ = {isa = PBXFileReference; lastKnownFileType = wrapper.xcframework; path = Turf.xcframework; sourceTree = "<group>"; };
		C0CA21DF2AF9C9D800F5667A /* MapboxMaps.xcframework */ = {isa = PBXFileReference; lastKnownFileType = wrapper.xcframework; path = MapboxMaps.xcframework; sourceTree = "<group>"; };
		C0CA21E02AF9C9D900F5667A /* MapboxMobileEvents.xcframework */ = {isa = PBXFileReference; lastKnownFileType = wrapper.xcframework; path = MapboxMobileEvents.xcframework; sourceTree = "<group>"; };
		C0CA21E12AF9C9DA00F5667A /* MapboxCommon.xcframework */ = {isa = PBXFileReference; lastKnownFileType = wrapper.xcframework; path = MapboxCommon.xcframework; sourceTree = "<group>"; };
		C0D2A9072AE585CB006326C1 /* SettingsView.swift */ = {isa = PBXFileReference; lastKnownFileType = sourcecode.swift; path = SettingsView.swift; sourceTree = "<group>"; };
		C0D2A9092AE58EF5006326C1 /* SettingsViewModel.swift */ = {isa = PBXFileReference; lastKnownFileType = sourcecode.swift; path = SettingsViewModel.swift; sourceTree = "<group>"; };
		C0D2A90B2AE593D1006326C1 /* ManageFriendsView.swift */ = {isa = PBXFileReference; lastKnownFileType = sourcecode.swift; path = ManageFriendsView.swift; sourceTree = "<group>"; };
		C0E48CF62AF82C4100E6DD27 /* ChatGPT.swift */ = {isa = PBXFileReference; lastKnownFileType = sourcecode.swift; path = ChatGPT.swift; sourceTree = "<group>"; };
		C0F46EE62AF954A000C2776A /* FeedViewModel.swift */ = {isa = PBXFileReference; lastKnownFileType = sourcecode.swift; path = FeedViewModel.swift; sourceTree = "<group>"; };
		C0F46EE82AF954B900C2776A /* FeedView.swift */ = {isa = PBXFileReference; lastKnownFileType = sourcecode.swift; path = FeedView.swift; sourceTree = "<group>"; };
		C0F46EEA2AF9BD2700C2776A /* MainMapView.swift */ = {isa = PBXFileReference; lastKnownFileType = sourcecode.swift; path = MainMapView.swift; sourceTree = "<group>"; };
		C0F46EEC2AF9BD3400C2776A /* MainMapViewModel.swift */ = {isa = PBXFileReference; lastKnownFileType = sourcecode.swift; path = MainMapViewModel.swift; sourceTree = "<group>"; };
/* End PBXFileReference section */

/* Begin PBXFrameworksBuildPhase section */
		C0C808D12ADD83420070E679 /* Frameworks */ = {
			isa = PBXFrameworksBuildPhase;
			buildActionMask = 2147483647;
			files = (
				C0CA21F02AF9CA1A00F5667A /* FirebaseAnalyticsSwift in Frameworks */,
				C0CA21F22AF9CA1A00F5667A /* FirebaseAnalyticsWithoutAdIdSupport in Frameworks */,
				C0CA21EC2AF9CA1A00F5667A /* FirebaseAnalytics in Frameworks */,
				C0CA22182AF9CA1A00F5667A /* FirebasePerformance in Frameworks */,
				C0CA221E2AF9CA1A00F5667A /* FirebaseStorage in Frameworks */,
				C0CA22042AF9CA1A00F5667A /* FirebaseFirestore in Frameworks */,
				C0CA220C2AF9CA1A00F5667A /* FirebaseFunctionsCombine-Community in Frameworks */,
				C0CA221C2AF9CA1A00F5667A /* FirebaseRemoteConfigSwift in Frameworks */,
				C0CA22242AF9CA2700F5667A /* MapboxCoreMaps.xcframework in Frameworks */,
				C0CA22022AF9CA1A00F5667A /* FirebaseDynamicLinks in Frameworks */,
				C0CA221A2AF9CA1A00F5667A /* FirebaseRemoteConfig in Frameworks */,
				C0CA21FA2AF9CA1A00F5667A /* FirebaseAuthCombine-Community in Frameworks */,
				C0CA21FE2AF9CA1A00F5667A /* FirebaseDatabase in Frameworks */,
				C0CA22262AF9CA2800F5667A /* MapboxMaps.xcframework in Frameworks */,
				C04E072A2B02AAF200340D58 /* Kingfisher in Frameworks */,
				C0CA220A2AF9CA1A00F5667A /* FirebaseFunctions in Frameworks */,
				C0CA220E2AF9CA1A00F5667A /* FirebaseInAppMessaging-Beta in Frameworks */,
				C0CA21E92AF9C9EA00F5667A /* AlertToast in Frameworks */,
				C0CA22122AF9CA1A00F5667A /* FirebaseInstallations in Frameworks */,
				C0CA22162AF9CA1A00F5667A /* FirebaseMessaging in Frameworks */,
				C0CA22202AF9CA1A00F5667A /* FirebaseStorageCombine-Community in Frameworks */,
				C0CA22062AF9CA1A00F5667A /* FirebaseFirestoreCombine-Community in Frameworks */,
				C0CA22102AF9CA1A00F5667A /* FirebaseInAppMessagingSwift-Beta in Frameworks */,
				C0CA21EE2AF9CA1A00F5667A /* FirebaseAnalyticsOnDeviceConversion in Frameworks */,
				C0CA21F82AF9CA1A00F5667A /* FirebaseAuth in Frameworks */,
				C0CA222A2AF9CA2A00F5667A /* Turf.xcframework in Frameworks */,
				C0CA21FC2AF9CA1A00F5667A /* FirebaseCrashlytics in Frameworks */,
				C0CA22282AF9CA2900F5667A /* MapboxMobileEvents.xcframework in Frameworks */,
				C0CA22082AF9CA1A00F5667A /* FirebaseFirestoreSwift in Frameworks */,
				C0CA22212AF9CA2500F5667A /* MapboxCommon.xcframework in Frameworks */,
				C0CA22002AF9CA1A00F5667A /* FirebaseDatabaseSwift in Frameworks */,
				C0CA22142AF9CA1A00F5667A /* FirebaseMLModelDownloader in Frameworks */,
				C0CA21F42AF9CA1A00F5667A /* FirebaseAppCheck in Frameworks */,
				C0CA21F62AF9CA1A00F5667A /* FirebaseAppDistribution-Beta in Frameworks */,
			);
			runOnlyForDeploymentPostprocessing = 0;
		};
/* End PBXFrameworksBuildPhase section */

/* Begin PBXGroup section */
		C0245CC92AF944DC00C7CD4F /* Main Map */ = {
			isa = PBXGroup;
			children = (
				C0F46EEA2AF9BD2700C2776A /* MainMapView.swift */,
				C0F46EEC2AF9BD3400C2776A /* MainMapViewModel.swift */,
				C0B4C0232B0126A0006D5022 /* TemplateMapViewModel.swift */,
			);
			path = "Main Map";
			sourceTree = "<group>";
		};
		C0245CCA2AF944FC00C7CD4F /* Setup */ = {
			isa = PBXGroup;
			children = (
				C053C1B42AFA94E6006B1230 /* LoginView.swift */,
				C053C1B62AFA950C006B1230 /* CreateUsernameView.swift */,
			);
			path = Setup;
			sourceTree = "<group>";
		};
		C0245CCB2AF9452500C7CD4F /* Settings */ = {
			isa = PBXGroup;
			children = (
				C0D2A9072AE585CB006326C1 /* SettingsView.swift */,
				C0D2A9092AE58EF5006326C1 /* SettingsViewModel.swift */,
				C0949F032AE5C484006EE5D2 /* ConfirmDeleteAccountView.swift */,
				C0D2A90B2AE593D1006326C1 /* ManageFriendsView.swift */,
				C0949F012AE5BD5C006EE5D2 /* ManageFriendsViewModel.swift */,
			);
			path = Settings;
			sourceTree = "<group>";
		};
		C0245CCE2AF947D100C7CD4F /* Profile */ = {
			isa = PBXGroup;
			children = (
				C001517C2AF53211007DA96F /* ChangeUsernameView.swift */,
				C0245CCC2AF947CD00C7CD4F /* ProfileView.swift */,
				C04E07262B029E9A00340D58 /* EditProfileView.swift */,
				C04E072B2B02BA2500340D58 /* EditProfileViewModel.swift */,
			);
			path = Profile;
			sourceTree = "<group>";
		};
		C0245CCF2AF947FC00C7CD4F /* Feed */ = {
			isa = PBXGroup;
			children = (
				C0F46EE62AF954A000C2776A /* FeedViewModel.swift */,
				C0F46EE82AF954B900C2776A /* FeedView.swift */,
			);
			path = Feed;
			sourceTree = "<group>";
		};
		C0245CD02AF9480F00C7CD4F /* Leaderboards */ = {
			isa = PBXGroup;
			children = (
				C09C698C2AE88382008A3148 /* FriendView.swift */,
				C09C69902AE883C2008A3148 /* FriendMapView.swift */,
				C09C69922AE88405008A3148 /* FriendMapViewModel.swift */,
				C08531742AF2C27700EAA434 /* SharedView.swift */,
				C085316C2AF1E6F900EAA434 /* SharedMapView.swift */,
				C08531722AF2C03A00EAA434 /* SharedMapViewModel.swift */,
				C044EF072AED84D800AEC9E2 /* LeaderboardView.swift */,
			);
			path = Leaderboards;
			sourceTree = "<group>";
		};
		C044EF092AED8A0E00AEC9E2 /* Trash */ = {
			isa = PBXGroup;
			children = (
			);
			path = Trash;
			sourceTree = "<group>";
		};
		C0C808CB2ADD83420070E679 = {
			isa = PBXGroup;
			children = (
				C0E48CF62AF82C4100E6DD27 /* ChatGPT.swift */,
				C0C808D62ADD83420070E679 /* BeenThere */,
				C0C808D52ADD83420070E679 /* Products */,
				C0C808FA2ADD8A9F0070E679 /* Frameworks */,
			);
			sourceTree = "<group>";
		};
		C0C808D52ADD83420070E679 /* Products */ = {
			isa = PBXGroup;
			children = (
				C0C808D42ADD83420070E679 /* BeenThere.app */,
			);
			name = Products;
			sourceTree = "<group>";
		};
		C0C808D62ADD83420070E679 /* BeenThere */ = {
			isa = PBXGroup;
			children = (
				C0453EBD2AE083DF00EAD893 /* BeenThere.entitlements */,
				C0C808E52ADD84AE0070E679 /* Info.plist */,
				C0C808D72ADD83420070E679 /* BeenThereApp.swift */,
				C0C808D92ADD83420070E679 /* ContentView.swift */,
				C08531702AF2923300EAA434 /* CustomTabView.swift */,
				C0245CCB2AF9452500C7CD4F /* Settings */,
				C0245CCF2AF947FC00C7CD4F /* Feed */,
				C0245CC92AF944DC00C7CD4F /* Main Map */,
				C0245CD02AF9480F00C7CD4F /* Leaderboards */,
				C0245CCE2AF947D100C7CD4F /* Profile */,
				C0245CCA2AF944FC00C7CD4F /* Setup */,
				C0C808ED2ADD8A450070E679 /* GoogleService-Info.plist */,
				C0C808DB2ADD83440070E679 /* Assets.xcassets */,
				C044EF092AED8A0E00AEC9E2 /* Trash */,
				C0C808DD2ADD83440070E679 /* Preview Content */,
			);
			path = BeenThere;
			sourceTree = "<group>";
		};
		C0C808DD2ADD83440070E679 /* Preview Content */ = {
			isa = PBXGroup;
			children = (
				C0C808DE2ADD83440070E679 /* Preview Assets.xcassets */,
			);
			path = "Preview Content";
			sourceTree = "<group>";
		};
		C0C808FA2ADD8A9F0070E679 /* Frameworks */ = {
			isa = PBXGroup;
			children = (
				C0CA21E12AF9C9DA00F5667A /* MapboxCommon.xcframework */,
				C0CA21DD2AF9C9D800F5667A /* MapboxCoreMaps.xcframework */,
				C0CA21DF2AF9C9D800F5667A /* MapboxMaps.xcframework */,
				C0CA21E02AF9C9D900F5667A /* MapboxMobileEvents.xcframework */,
				C0CA21DE2AF9C9D800F5667A /* Turf.xcframework */,
			);
			name = Frameworks;
			sourceTree = "<group>";
		};
/* End PBXGroup section */

/* Begin PBXNativeTarget section */
		C0C808D32ADD83420070E679 /* BeenThere */ = {
			isa = PBXNativeTarget;
			buildConfigurationList = C0C808E22ADD83440070E679 /* Build configuration list for PBXNativeTarget "BeenThere" */;
			buildPhases = (
				C0C808D02ADD83420070E679 /* Sources */,
				C0C808D12ADD83420070E679 /* Frameworks */,
				C0C808D22ADD83420070E679 /* Resources */,
				C0CA22232AF9CA2500F5667A /* Embed Frameworks */,
			);
			buildRules = (
			);
			dependencies = (
			);
			name = BeenThere;
			packageProductDependencies = (
				C0CA21E82AF9C9EA00F5667A /* AlertToast */,
				C0CA21EB2AF9CA1A00F5667A /* FirebaseAnalytics */,
				C0CA21ED2AF9CA1A00F5667A /* FirebaseAnalyticsOnDeviceConversion */,
				C0CA21EF2AF9CA1A00F5667A /* FirebaseAnalyticsSwift */,
				C0CA21F12AF9CA1A00F5667A /* FirebaseAnalyticsWithoutAdIdSupport */,
				C0CA21F32AF9CA1A00F5667A /* FirebaseAppCheck */,
				C0CA21F52AF9CA1A00F5667A /* FirebaseAppDistribution-Beta */,
				C0CA21F72AF9CA1A00F5667A /* FirebaseAuth */,
				C0CA21F92AF9CA1A00F5667A /* FirebaseAuthCombine-Community */,
				C0CA21FB2AF9CA1A00F5667A /* FirebaseCrashlytics */,
				C0CA21FD2AF9CA1A00F5667A /* FirebaseDatabase */,
				C0CA21FF2AF9CA1A00F5667A /* FirebaseDatabaseSwift */,
				C0CA22012AF9CA1A00F5667A /* FirebaseDynamicLinks */,
				C0CA22032AF9CA1A00F5667A /* FirebaseFirestore */,
				C0CA22052AF9CA1A00F5667A /* FirebaseFirestoreCombine-Community */,
				C0CA22072AF9CA1A00F5667A /* FirebaseFirestoreSwift */,
				C0CA22092AF9CA1A00F5667A /* FirebaseFunctions */,
				C0CA220B2AF9CA1A00F5667A /* FirebaseFunctionsCombine-Community */,
				C0CA220D2AF9CA1A00F5667A /* FirebaseInAppMessaging-Beta */,
				C0CA220F2AF9CA1A00F5667A /* FirebaseInAppMessagingSwift-Beta */,
				C0CA22112AF9CA1A00F5667A /* FirebaseInstallations */,
				C0CA22132AF9CA1A00F5667A /* FirebaseMLModelDownloader */,
				C0CA22152AF9CA1A00F5667A /* FirebaseMessaging */,
				C0CA22172AF9CA1A00F5667A /* FirebasePerformance */,
				C0CA22192AF9CA1A00F5667A /* FirebaseRemoteConfig */,
				C0CA221B2AF9CA1A00F5667A /* FirebaseRemoteConfigSwift */,
				C0CA221D2AF9CA1A00F5667A /* FirebaseStorage */,
				C0CA221F2AF9CA1A00F5667A /* FirebaseStorageCombine-Community */,
				C04E07292B02AAF200340D58 /* Kingfisher */,
			);
			productName = BeenThere;
			productReference = C0C808D42ADD83420070E679 /* BeenThere.app */;
			productType = "com.apple.product-type.application";
		};
/* End PBXNativeTarget section */

/* Begin PBXProject section */
		C0C808CC2ADD83420070E679 /* Project object */ = {
			isa = PBXProject;
			attributes = {
				BuildIndependentTargetsInParallel = 1;
				LastSwiftUpdateCheck = 1500;
				LastUpgradeCheck = 1500;
				TargetAttributes = {
					C0C808D32ADD83420070E679 = {
						CreatedOnToolsVersion = 15.0;
					};
				};
			};
			buildConfigurationList = C0C808CF2ADD83420070E679 /* Build configuration list for PBXProject "BeenThere" */;
			compatibilityVersion = "Xcode 14.0";
			developmentRegion = en;
			hasScannedForEncodings = 0;
			knownRegions = (
				en,
				Base,
			);
			mainGroup = C0C808CB2ADD83420070E679;
			packageReferences = (
				C0CA21E72AF9C9EA00F5667A /* XCRemoteSwiftPackageReference "AlertToast" */,
				C0CA21EA2AF9CA1A00F5667A /* XCRemoteSwiftPackageReference "firebase-ios-sdk" */,
				C04E07282B02AAF200340D58 /* XCRemoteSwiftPackageReference "Kingfisher" */,
			);
			productRefGroup = C0C808D52ADD83420070E679 /* Products */;
			projectDirPath = "";
			projectRoot = "";
			targets = (
				C0C808D32ADD83420070E679 /* BeenThere */,
			);
		};
/* End PBXProject section */

/* Begin PBXResourcesBuildPhase section */
		C0C808D22ADD83420070E679 /* Resources */ = {
			isa = PBXResourcesBuildPhase;
			buildActionMask = 2147483647;
			files = (
				C0C808DF2ADD83440070E679 /* Preview Assets.xcassets in Resources */,
				C0C808DC2ADD83440070E679 /* Assets.xcassets in Resources */,
				C0C808EE2ADD8A460070E679 /* GoogleService-Info.plist in Resources */,
			);
			runOnlyForDeploymentPostprocessing = 0;
		};
/* End PBXResourcesBuildPhase section */

/* Begin PBXSourcesBuildPhase section */
		C0C808D02ADD83420070E679 /* Sources */ = {
			isa = PBXSourcesBuildPhase;
			buildActionMask = 2147483647;
			files = (
				C09C698D2AE88382008A3148 /* FriendView.swift in Sources */,
				C0C808DA2ADD83420070E679 /* ContentView.swift in Sources */,
				C09C69932AE88405008A3148 /* FriendMapViewModel.swift in Sources */,
				C0E48CF72AF82C4100E6DD27 /* ChatGPT.swift in Sources */,
				C0F46EEB2AF9BD2700C2776A /* MainMapView.swift in Sources */,
				C04E072C2B02BA2500340D58 /* EditProfileViewModel.swift in Sources */,
				C08531752AF2C27700EAA434 /* SharedView.swift in Sources */,
				C044EF082AED84D800AEC9E2 /* LeaderboardView.swift in Sources */,
				C08531732AF2C03A00EAA434 /* SharedMapViewModel.swift in Sources */,
				C0D2A90A2AE58EF5006326C1 /* SettingsViewModel.swift in Sources */,
				C0F46EE92AF954B900C2776A /* FeedView.swift in Sources */,
				C0C808D82ADD83420070E679 /* BeenThereApp.swift in Sources */,
				C08531712AF2923300EAA434 /* CustomTabView.swift in Sources */,
				C053C1B52AFA94E6006B1230 /* LoginView.swift in Sources */,
				C04E07272B029E9A00340D58 /* EditProfileView.swift in Sources */,
				C053C1B72AFA950C006B1230 /* CreateUsernameView.swift in Sources */,
				C0D2A9082AE585CB006326C1 /* SettingsView.swift in Sources */,
				C0B4C0242B0126A0006D5022 /* TemplateMapViewModel.swift in Sources */,
				C0F46EE72AF954A000C2776A /* FeedViewModel.swift in Sources */,
				C0245CCD2AF947CD00C7CD4F /* ProfileView.swift in Sources */,
				C0949F022AE5BD5C006EE5D2 /* ManageFriendsViewModel.swift in Sources */,
				C085316D2AF1E6F900EAA434 /* SharedMapView.swift in Sources */,
				C0D2A90C2AE593D1006326C1 /* ManageFriendsView.swift in Sources */,
				C0949F042AE5C484006EE5D2 /* ConfirmDeleteAccountView.swift in Sources */,
				C001517D2AF53211007DA96F /* ChangeUsernameView.swift in Sources */,
				C09C69912AE883C2008A3148 /* FriendMapView.swift in Sources */,
				C0F46EED2AF9BD3400C2776A /* MainMapViewModel.swift in Sources */,
			);
			runOnlyForDeploymentPostprocessing = 0;
		};
/* End PBXSourcesBuildPhase section */

/* Begin XCBuildConfiguration section */
		C0C808E02ADD83440070E679 /* Debug */ = {
			isa = XCBuildConfiguration;
			buildSettings = {
				ALWAYS_SEARCH_USER_PATHS = NO;
				ASSETCATALOG_COMPILER_GENERATE_SWIFT_ASSET_SYMBOL_EXTENSIONS = YES;
				CLANG_ANALYZER_NONNULL = YES;
				CLANG_ANALYZER_NUMBER_OBJECT_CONVERSION = YES_AGGRESSIVE;
				CLANG_CXX_LANGUAGE_STANDARD = "gnu++20";
				CLANG_ENABLE_MODULES = YES;
				CLANG_ENABLE_OBJC_ARC = YES;
				CLANG_ENABLE_OBJC_WEAK = YES;
				CLANG_WARN_BLOCK_CAPTURE_AUTORELEASING = YES;
				CLANG_WARN_BOOL_CONVERSION = YES;
				CLANG_WARN_COMMA = YES;
				CLANG_WARN_CONSTANT_CONVERSION = YES;
				CLANG_WARN_DEPRECATED_OBJC_IMPLEMENTATIONS = YES;
				CLANG_WARN_DIRECT_OBJC_ISA_USAGE = YES_ERROR;
				CLANG_WARN_DOCUMENTATION_COMMENTS = YES;
				CLANG_WARN_EMPTY_BODY = YES;
				CLANG_WARN_ENUM_CONVERSION = YES;
				CLANG_WARN_INFINITE_RECURSION = YES;
				CLANG_WARN_INT_CONVERSION = YES;
				CLANG_WARN_NON_LITERAL_NULL_CONVERSION = YES;
				CLANG_WARN_OBJC_IMPLICIT_RETAIN_SELF = YES;
				CLANG_WARN_OBJC_LITERAL_CONVERSION = YES;
				CLANG_WARN_OBJC_ROOT_CLASS = YES_ERROR;
				CLANG_WARN_QUOTED_INCLUDE_IN_FRAMEWORK_HEADER = YES;
				CLANG_WARN_RANGE_LOOP_ANALYSIS = YES;
				CLANG_WARN_STRICT_PROTOTYPES = YES;
				CLANG_WARN_SUSPICIOUS_MOVE = YES;
				CLANG_WARN_UNGUARDED_AVAILABILITY = YES_AGGRESSIVE;
				CLANG_WARN_UNREACHABLE_CODE = YES;
				CLANG_WARN__DUPLICATE_METHOD_MATCH = YES;
				COPY_PHASE_STRIP = NO;
				DEBUG_INFORMATION_FORMAT = dwarf;
				ENABLE_STRICT_OBJC_MSGSEND = YES;
				ENABLE_TESTABILITY = YES;
				ENABLE_USER_SCRIPT_SANDBOXING = YES;
				GCC_C_LANGUAGE_STANDARD = gnu17;
				GCC_DYNAMIC_NO_PIC = NO;
				GCC_NO_COMMON_BLOCKS = YES;
				GCC_OPTIMIZATION_LEVEL = 0;
				GCC_PREPROCESSOR_DEFINITIONS = (
					"DEBUG=1",
					"$(inherited)",
				);
				GCC_WARN_64_TO_32_BIT_CONVERSION = YES;
				GCC_WARN_ABOUT_RETURN_TYPE = YES_ERROR;
				GCC_WARN_UNDECLARED_SELECTOR = YES;
				GCC_WARN_UNINITIALIZED_AUTOS = YES_AGGRESSIVE;
				GCC_WARN_UNUSED_FUNCTION = YES;
				GCC_WARN_UNUSED_VARIABLE = YES;
				IPHONEOS_DEPLOYMENT_TARGET = 17.0;
				LOCALIZATION_PREFERS_STRING_CATALOGS = YES;
				MTL_ENABLE_DEBUG_INFO = INCLUDE_SOURCE;
				MTL_FAST_MATH = YES;
				ONLY_ACTIVE_ARCH = YES;
				SDKROOT = iphoneos;
				SWIFT_ACTIVE_COMPILATION_CONDITIONS = "DEBUG $(inherited)";
				SWIFT_OPTIMIZATION_LEVEL = "-Onone";
			};
			name = Debug;
		};
		C0C808E12ADD83440070E679 /* Release */ = {
			isa = XCBuildConfiguration;
			buildSettings = {
				ALWAYS_SEARCH_USER_PATHS = NO;
				ASSETCATALOG_COMPILER_GENERATE_SWIFT_ASSET_SYMBOL_EXTENSIONS = YES;
				CLANG_ANALYZER_NONNULL = YES;
				CLANG_ANALYZER_NUMBER_OBJECT_CONVERSION = YES_AGGRESSIVE;
				CLANG_CXX_LANGUAGE_STANDARD = "gnu++20";
				CLANG_ENABLE_MODULES = YES;
				CLANG_ENABLE_OBJC_ARC = YES;
				CLANG_ENABLE_OBJC_WEAK = YES;
				CLANG_WARN_BLOCK_CAPTURE_AUTORELEASING = YES;
				CLANG_WARN_BOOL_CONVERSION = YES;
				CLANG_WARN_COMMA = YES;
				CLANG_WARN_CONSTANT_CONVERSION = YES;
				CLANG_WARN_DEPRECATED_OBJC_IMPLEMENTATIONS = YES;
				CLANG_WARN_DIRECT_OBJC_ISA_USAGE = YES_ERROR;
				CLANG_WARN_DOCUMENTATION_COMMENTS = YES;
				CLANG_WARN_EMPTY_BODY = YES;
				CLANG_WARN_ENUM_CONVERSION = YES;
				CLANG_WARN_INFINITE_RECURSION = YES;
				CLANG_WARN_INT_CONVERSION = YES;
				CLANG_WARN_NON_LITERAL_NULL_CONVERSION = YES;
				CLANG_WARN_OBJC_IMPLICIT_RETAIN_SELF = YES;
				CLANG_WARN_OBJC_LITERAL_CONVERSION = YES;
				CLANG_WARN_OBJC_ROOT_CLASS = YES_ERROR;
				CLANG_WARN_QUOTED_INCLUDE_IN_FRAMEWORK_HEADER = YES;
				CLANG_WARN_RANGE_LOOP_ANALYSIS = YES;
				CLANG_WARN_STRICT_PROTOTYPES = YES;
				CLANG_WARN_SUSPICIOUS_MOVE = YES;
				CLANG_WARN_UNGUARDED_AVAILABILITY = YES_AGGRESSIVE;
				CLANG_WARN_UNREACHABLE_CODE = YES;
				CLANG_WARN__DUPLICATE_METHOD_MATCH = YES;
				COPY_PHASE_STRIP = NO;
				DEBUG_INFORMATION_FORMAT = "dwarf-with-dsym";
				ENABLE_NS_ASSERTIONS = NO;
				ENABLE_STRICT_OBJC_MSGSEND = YES;
				ENABLE_USER_SCRIPT_SANDBOXING = YES;
				GCC_C_LANGUAGE_STANDARD = gnu17;
				GCC_NO_COMMON_BLOCKS = YES;
				GCC_WARN_64_TO_32_BIT_CONVERSION = YES;
				GCC_WARN_ABOUT_RETURN_TYPE = YES_ERROR;
				GCC_WARN_UNDECLARED_SELECTOR = YES;
				GCC_WARN_UNINITIALIZED_AUTOS = YES_AGGRESSIVE;
				GCC_WARN_UNUSED_FUNCTION = YES;
				GCC_WARN_UNUSED_VARIABLE = YES;
				IPHONEOS_DEPLOYMENT_TARGET = 17.0;
				LOCALIZATION_PREFERS_STRING_CATALOGS = YES;
				MTL_ENABLE_DEBUG_INFO = NO;
				MTL_FAST_MATH = YES;
				SDKROOT = iphoneos;
				SWIFT_COMPILATION_MODE = wholemodule;
				VALIDATE_PRODUCT = YES;
			};
			name = Release;
		};
		C0C808E32ADD83440070E679 /* Debug */ = {
			isa = XCBuildConfiguration;
			buildSettings = {
				ASSETCATALOG_COMPILER_APPICON_NAME = AppIcon;
				ASSETCATALOG_COMPILER_GLOBAL_ACCENT_COLOR_NAME = AccentColor;
				CODE_SIGN_ENTITLEMENTS = BeenThere/BeenThere.entitlements;
				CODE_SIGN_STYLE = Automatic;
				CURRENT_PROJECT_VERSION = 1;
				DEVELOPMENT_ASSET_PATHS = "\"BeenThere/Preview Content\"";
				DEVELOPMENT_TEAM = 5SGZH379X4;
				ENABLE_PREVIEWS = YES;
				GENERATE_INFOPLIST_FILE = YES;
				INFOPLIST_FILE = BeenThere/Info.plist;
				INFOPLIST_KEY_CFBundleDisplayName = "Been There";
				INFOPLIST_KEY_LSApplicationCategoryType = "public.app-category.lifestyle";
				INFOPLIST_KEY_NSLocationAlwaysAndWhenInUseUsageDescription = "This app needs your location always to log where you have visited while the app is closed";
				INFOPLIST_KEY_NSLocationWhenInUseUsageDescription = "This app needs your location to log where you have visited while the app is open.";
				INFOPLIST_KEY_UIApplicationSceneManifest_Generation = YES;
				INFOPLIST_KEY_UIApplicationSupportsIndirectInputEvents = YES;
				INFOPLIST_KEY_UILaunchScreen_Generation = YES;
				INFOPLIST_KEY_UISupportedInterfaceOrientations = UIInterfaceOrientationPortrait;
				INFOPLIST_KEY_UISupportedInterfaceOrientations_iPad = "UIInterfaceOrientationLandscapeLeft UIInterfaceOrientationLandscapeRight UIInterfaceOrientationPortrait UIInterfaceOrientationPortraitUpsideDown";
				IPHONEOS_DEPLOYMENT_TARGET = 17.0;
				LD_RUNPATH_SEARCH_PATHS = (
					"$(inherited)",
					"@executable_path/Frameworks",
				);
				MARKETING_VERSION = 1.0.7;
				PRODUCT_BUNDLE_IDENTIFIER = me.jareddanieljones.BeenThere;
				PRODUCT_NAME = "$(TARGET_NAME)";
				SUPPORTED_PLATFORMS = "iphoneos iphonesimulator";
				SUPPORTS_MACCATALYST = NO;
				SUPPORTS_MAC_DESIGNED_FOR_IPHONE_IPAD = YES;
				SWIFT_EMIT_LOC_STRINGS = YES;
				SWIFT_VERSION = 5.0;
				TARGETED_DEVICE_FAMILY = "1,2";
			};
			name = Debug;
		};
		C0C808E42ADD83440070E679 /* Release */ = {
			isa = XCBuildConfiguration;
			buildSettings = {
				ASSETCATALOG_COMPILER_APPICON_NAME = AppIcon;
				ASSETCATALOG_COMPILER_GLOBAL_ACCENT_COLOR_NAME = AccentColor;
				CODE_SIGN_ENTITLEMENTS = BeenThere/BeenThere.entitlements;
				CODE_SIGN_STYLE = Automatic;
				CURRENT_PROJECT_VERSION = 1;
				DEVELOPMENT_ASSET_PATHS = "\"BeenThere/Preview Content\"";
				DEVELOPMENT_TEAM = 5SGZH379X4;
				ENABLE_PREVIEWS = YES;
				GENERATE_INFOPLIST_FILE = YES;
				INFOPLIST_FILE = BeenThere/Info.plist;
				INFOPLIST_KEY_CFBundleDisplayName = "Been There";
				INFOPLIST_KEY_LSApplicationCategoryType = "public.app-category.lifestyle";
				INFOPLIST_KEY_NSLocationAlwaysAndWhenInUseUsageDescription = "This app needs your location always to log where you have visited while the app is closed";
				INFOPLIST_KEY_NSLocationWhenInUseUsageDescription = "This app needs your location to log where you have visited while the app is open.";
				INFOPLIST_KEY_UIApplicationSceneManifest_Generation = YES;
				INFOPLIST_KEY_UIApplicationSupportsIndirectInputEvents = YES;
				INFOPLIST_KEY_UILaunchScreen_Generation = YES;
				INFOPLIST_KEY_UISupportedInterfaceOrientations = UIInterfaceOrientationPortrait;
				INFOPLIST_KEY_UISupportedInterfaceOrientations_iPad = "UIInterfaceOrientationLandscapeLeft UIInterfaceOrientationLandscapeRight UIInterfaceOrientationPortrait UIInterfaceOrientationPortraitUpsideDown";
				IPHONEOS_DEPLOYMENT_TARGET = 17.0;
				LD_RUNPATH_SEARCH_PATHS = (
					"$(inherited)",
					"@executable_path/Frameworks",
				);
				MARKETING_VERSION = 1.0.7;
				PRODUCT_BUNDLE_IDENTIFIER = me.jareddanieljones.BeenThere;
				PRODUCT_NAME = "$(TARGET_NAME)";
				SUPPORTED_PLATFORMS = "iphoneos iphonesimulator";
				SUPPORTS_MACCATALYST = NO;
				SUPPORTS_MAC_DESIGNED_FOR_IPHONE_IPAD = YES;
				SWIFT_EMIT_LOC_STRINGS = YES;
				SWIFT_VERSION = 5.0;
				TARGETED_DEVICE_FAMILY = "1,2";
			};
			name = Release;
		};
/* End XCBuildConfiguration section */

/* Begin XCConfigurationList section */
		C0C808CF2ADD83420070E679 /* Build configuration list for PBXProject "BeenThere" */ = {
			isa = XCConfigurationList;
			buildConfigurations = (
				C0C808E02ADD83440070E679 /* Debug */,
				C0C808E12ADD83440070E679 /* Release */,
			);
			defaultConfigurationIsVisible = 0;
			defaultConfigurationName = Release;
		};
		C0C808E22ADD83440070E679 /* Build configuration list for PBXNativeTarget "BeenThere" */ = {
			isa = XCConfigurationList;
			buildConfigurations = (
				C0C808E32ADD83440070E679 /* Debug */,
				C0C808E42ADD83440070E679 /* Release */,
			);
			defaultConfigurationIsVisible = 0;
			defaultConfigurationName = Release;
		};
/* End XCConfigurationList section */

/* Begin XCRemoteSwiftPackageReference section */
		C04E07282B02AAF200340D58 /* XCRemoteSwiftPackageReference "Kingfisher" */ = {
			isa = XCRemoteSwiftPackageReference;
			repositoryURL = "https://github.com/onevcat/Kingfisher";
			requirement = {
				kind = upToNextMajorVersion;
				minimumVersion = 7.10.0;
			};
		};
		C0CA21E72AF9C9EA00F5667A /* XCRemoteSwiftPackageReference "AlertToast" */ = {
			isa = XCRemoteSwiftPackageReference;
			repositoryURL = "https://github.com/elai950/AlertToast";
			requirement = {
				kind = upToNextMajorVersion;
				minimumVersion = 1.3.9;
			};
		};
		C0CA21EA2AF9CA1A00F5667A /* XCRemoteSwiftPackageReference "firebase-ios-sdk" */ = {
			isa = XCRemoteSwiftPackageReference;
			repositoryURL = "https://github.com/firebase/firebase-ios-sdk";
			requirement = {
				kind = upToNextMajorVersion;
				minimumVersion = 10.17.0;
			};
		};
/* End XCRemoteSwiftPackageReference section */

/* Begin XCSwiftPackageProductDependency section */
		C04E07292B02AAF200340D58 /* Kingfisher */ = {
			isa = XCSwiftPackageProductDependency;
			package = C04E07282B02AAF200340D58 /* XCRemoteSwiftPackageReference "Kingfisher" */;
			productName = Kingfisher;
		};
		C0CA21E82AF9C9EA00F5667A /* AlertToast */ = {
			isa = XCSwiftPackageProductDependency;
			package = C0CA21E72AF9C9EA00F5667A /* XCRemoteSwiftPackageReference "AlertToast" */;
			productName = AlertToast;
		};
		C0CA21EB2AF9CA1A00F5667A /* FirebaseAnalytics */ = {
			isa = XCSwiftPackageProductDependency;
			package = C0CA21EA2AF9CA1A00F5667A /* XCRemoteSwiftPackageReference "firebase-ios-sdk" */;
			productName = FirebaseAnalytics;
		};
		C0CA21ED2AF9CA1A00F5667A /* FirebaseAnalyticsOnDeviceConversion */ = {
			isa = XCSwiftPackageProductDependency;
			package = C0CA21EA2AF9CA1A00F5667A /* XCRemoteSwiftPackageReference "firebase-ios-sdk" */;
			productName = FirebaseAnalyticsOnDeviceConversion;
		};
		C0CA21EF2AF9CA1A00F5667A /* FirebaseAnalyticsSwift */ = {
			isa = XCSwiftPackageProductDependency;
			package = C0CA21EA2AF9CA1A00F5667A /* XCRemoteSwiftPackageReference "firebase-ios-sdk" */;
			productName = FirebaseAnalyticsSwift;
		};
		C0CA21F12AF9CA1A00F5667A /* FirebaseAnalyticsWithoutAdIdSupport */ = {
			isa = XCSwiftPackageProductDependency;
			package = C0CA21EA2AF9CA1A00F5667A /* XCRemoteSwiftPackageReference "firebase-ios-sdk" */;
			productName = FirebaseAnalyticsWithoutAdIdSupport;
		};
		C0CA21F32AF9CA1A00F5667A /* FirebaseAppCheck */ = {
			isa = XCSwiftPackageProductDependency;
			package = C0CA21EA2AF9CA1A00F5667A /* XCRemoteSwiftPackageReference "firebase-ios-sdk" */;
			productName = FirebaseAppCheck;
		};
		C0CA21F52AF9CA1A00F5667A /* FirebaseAppDistribution-Beta */ = {
			isa = XCSwiftPackageProductDependency;
			package = C0CA21EA2AF9CA1A00F5667A /* XCRemoteSwiftPackageReference "firebase-ios-sdk" */;
			productName = "FirebaseAppDistribution-Beta";
		};
		C0CA21F72AF9CA1A00F5667A /* FirebaseAuth */ = {
			isa = XCSwiftPackageProductDependency;
			package = C0CA21EA2AF9CA1A00F5667A /* XCRemoteSwiftPackageReference "firebase-ios-sdk" */;
			productName = FirebaseAuth;
		};
		C0CA21F92AF9CA1A00F5667A /* FirebaseAuthCombine-Community */ = {
			isa = XCSwiftPackageProductDependency;
			package = C0CA21EA2AF9CA1A00F5667A /* XCRemoteSwiftPackageReference "firebase-ios-sdk" */;
			productName = "FirebaseAuthCombine-Community";
		};
		C0CA21FB2AF9CA1A00F5667A /* FirebaseCrashlytics */ = {
			isa = XCSwiftPackageProductDependency;
			package = C0CA21EA2AF9CA1A00F5667A /* XCRemoteSwiftPackageReference "firebase-ios-sdk" */;
			productName = FirebaseCrashlytics;
		};
		C0CA21FD2AF9CA1A00F5667A /* FirebaseDatabase */ = {
			isa = XCSwiftPackageProductDependency;
			package = C0CA21EA2AF9CA1A00F5667A /* XCRemoteSwiftPackageReference "firebase-ios-sdk" */;
			productName = FirebaseDatabase;
		};
		C0CA21FF2AF9CA1A00F5667A /* FirebaseDatabaseSwift */ = {
			isa = XCSwiftPackageProductDependency;
			package = C0CA21EA2AF9CA1A00F5667A /* XCRemoteSwiftPackageReference "firebase-ios-sdk" */;
			productName = FirebaseDatabaseSwift;
		};
		C0CA22012AF9CA1A00F5667A /* FirebaseDynamicLinks */ = {
			isa = XCSwiftPackageProductDependency;
			package = C0CA21EA2AF9CA1A00F5667A /* XCRemoteSwiftPackageReference "firebase-ios-sdk" */;
			productName = FirebaseDynamicLinks;
		};
		C0CA22032AF9CA1A00F5667A /* FirebaseFirestore */ = {
			isa = XCSwiftPackageProductDependency;
			package = C0CA21EA2AF9CA1A00F5667A /* XCRemoteSwiftPackageReference "firebase-ios-sdk" */;
			productName = FirebaseFirestore;
		};
		C0CA22052AF9CA1A00F5667A /* FirebaseFirestoreCombine-Community */ = {
			isa = XCSwiftPackageProductDependency;
			package = C0CA21EA2AF9CA1A00F5667A /* XCRemoteSwiftPackageReference "firebase-ios-sdk" */;
			productName = "FirebaseFirestoreCombine-Community";
		};
		C0CA22072AF9CA1A00F5667A /* FirebaseFirestoreSwift */ = {
			isa = XCSwiftPackageProductDependency;
			package = C0CA21EA2AF9CA1A00F5667A /* XCRemoteSwiftPackageReference "firebase-ios-sdk" */;
			productName = FirebaseFirestoreSwift;
		};
		C0CA22092AF9CA1A00F5667A /* FirebaseFunctions */ = {
			isa = XCSwiftPackageProductDependency;
			package = C0CA21EA2AF9CA1A00F5667A /* XCRemoteSwiftPackageReference "firebase-ios-sdk" */;
			productName = FirebaseFunctions;
		};
		C0CA220B2AF9CA1A00F5667A /* FirebaseFunctionsCombine-Community */ = {
			isa = XCSwiftPackageProductDependency;
			package = C0CA21EA2AF9CA1A00F5667A /* XCRemoteSwiftPackageReference "firebase-ios-sdk" */;
			productName = "FirebaseFunctionsCombine-Community";
		};
		C0CA220D2AF9CA1A00F5667A /* FirebaseInAppMessaging-Beta */ = {
			isa = XCSwiftPackageProductDependency;
			package = C0CA21EA2AF9CA1A00F5667A /* XCRemoteSwiftPackageReference "firebase-ios-sdk" */;
			productName = "FirebaseInAppMessaging-Beta";
		};
		C0CA220F2AF9CA1A00F5667A /* FirebaseInAppMessagingSwift-Beta */ = {
			isa = XCSwiftPackageProductDependency;
			package = C0CA21EA2AF9CA1A00F5667A /* XCRemoteSwiftPackageReference "firebase-ios-sdk" */;
			productName = "FirebaseInAppMessagingSwift-Beta";
		};
		C0CA22112AF9CA1A00F5667A /* FirebaseInstallations */ = {
			isa = XCSwiftPackageProductDependency;
			package = C0CA21EA2AF9CA1A00F5667A /* XCRemoteSwiftPackageReference "firebase-ios-sdk" */;
			productName = FirebaseInstallations;
		};
		C0CA22132AF9CA1A00F5667A /* FirebaseMLModelDownloader */ = {
			isa = XCSwiftPackageProductDependency;
			package = C0CA21EA2AF9CA1A00F5667A /* XCRemoteSwiftPackageReference "firebase-ios-sdk" */;
			productName = FirebaseMLModelDownloader;
		};
		C0CA22152AF9CA1A00F5667A /* FirebaseMessaging */ = {
			isa = XCSwiftPackageProductDependency;
			package = C0CA21EA2AF9CA1A00F5667A /* XCRemoteSwiftPackageReference "firebase-ios-sdk" */;
			productName = FirebaseMessaging;
		};
		C0CA22172AF9CA1A00F5667A /* FirebasePerformance */ = {
			isa = XCSwiftPackageProductDependency;
			package = C0CA21EA2AF9CA1A00F5667A /* XCRemoteSwiftPackageReference "firebase-ios-sdk" */;
			productName = FirebasePerformance;
		};
		C0CA22192AF9CA1A00F5667A /* FirebaseRemoteConfig */ = {
			isa = XCSwiftPackageProductDependency;
			package = C0CA21EA2AF9CA1A00F5667A /* XCRemoteSwiftPackageReference "firebase-ios-sdk" */;
			productName = FirebaseRemoteConfig;
		};
		C0CA221B2AF9CA1A00F5667A /* FirebaseRemoteConfigSwift */ = {
			isa = XCSwiftPackageProductDependency;
			package = C0CA21EA2AF9CA1A00F5667A /* XCRemoteSwiftPackageReference "firebase-ios-sdk" */;
			productName = FirebaseRemoteConfigSwift;
		};
		C0CA221D2AF9CA1A00F5667A /* FirebaseStorage */ = {
			isa = XCSwiftPackageProductDependency;
			package = C0CA21EA2AF9CA1A00F5667A /* XCRemoteSwiftPackageReference "firebase-ios-sdk" */;
			productName = FirebaseStorage;
		};
		C0CA221F2AF9CA1A00F5667A /* FirebaseStorageCombine-Community */ = {
			isa = XCSwiftPackageProductDependency;
			package = C0CA21EA2AF9CA1A00F5667A /* XCRemoteSwiftPackageReference "firebase-ios-sdk" */;
			productName = "FirebaseStorageCombine-Community";
		};
/* End XCSwiftPackageProductDependency section */
	};
	rootObject = C0C808CC2ADD83420070E679 /* Project object */;
}
