// !$*UTF8*$!
{
	archiveVersion = 1;
	classes = {
	};
	objectVersion = 56;
	objects = {

/* Begin PBXBuildFile section */
		C001517D2AF53211007DA96F /* ChangeUsernameView.swift in Sources */ = {isa = PBXBuildFile; fileRef = C001517C2AF53211007DA96F /* ChangeUsernameView.swift */; };
		C01B08522B2CDA300097D828 /* SettingsItemView.swift in Sources */ = {isa = PBXBuildFile; fileRef = C01B08512B2CDA300097D828 /* SettingsItemView.swift */; };
		C0245CCD2AF947CD00C7CD4F /* ProfileView.swift in Sources */ = {isa = PBXBuildFile; fileRef = C0245CCC2AF947CD00C7CD4F /* ProfileView.swift */; };
		C03126972B213146004CAE0B /* SearchBar.swift in Sources */ = {isa = PBXBuildFile; fileRef = C03126962B213146004CAE0B /* SearchBar.swift */; };
		C03424C72B0C55BD00A9CA9A /* Post.swift in Sources */ = {isa = PBXBuildFile; fileRef = C03424C62B0C55BD00A9CA9A /* Post.swift */; };
		C03424C92B0C562500A9CA9A /* Location.swift in Sources */ = {isa = PBXBuildFile; fileRef = C03424C82B0C562500A9CA9A /* Location.swift */; };
		C03424CB2B0C568400A9CA9A /* User.swift in Sources */ = {isa = PBXBuildFile; fileRef = C03424CA2B0C568400A9CA9A /* User.swift */; };
		C044EF082AED84D800AEC9E2 /* LeaderboardView.swift in Sources */ = {isa = PBXBuildFile; fileRef = C044EF072AED84D800AEC9E2 /* LeaderboardView.swift */; };
		C04E07272B029E9A00340D58 /* EditProfileView.swift in Sources */ = {isa = PBXBuildFile; fileRef = C04E07262B029E9A00340D58 /* EditProfileView.swift */; };
		C04E072C2B02BA2500340D58 /* EditProfileViewModel.swift in Sources */ = {isa = PBXBuildFile; fileRef = C04E072B2B02BA2500340D58 /* EditProfileViewModel.swift */; };
		C053C1B52AFA94E6006B1230 /* LoginView.swift in Sources */ = {isa = PBXBuildFile; fileRef = C053C1B42AFA94E6006B1230 /* LoginView.swift */; };
		C053C1B72AFA950C006B1230 /* CreateUsernameView.swift in Sources */ = {isa = PBXBuildFile; fileRef = C053C1B62AFA950C006B1230 /* CreateUsernameView.swift */; };
		C06311942D0F4B4100958126 /* FirebaseAuth in Frameworks */ = {isa = PBXBuildFile; productRef = C06311932D0F4B4100958126 /* FirebaseAuth */; };
		C06311962D0F4B4100958126 /* FirebaseFirestore in Frameworks */ = {isa = PBXBuildFile; productRef = C06311952D0F4B4100958126 /* FirebaseFirestore */; };
		C06311992D0F4C2A00958126 /* MapboxMaps in Frameworks */ = {isa = PBXBuildFile; productRef = C06311982D0F4C2A00958126 /* MapboxMaps */; };
		C063119B2D0F4D1300958126 /* GoogleSignIn in Frameworks */ = {isa = PBXBuildFile; productRef = C063119A2D0F4D1300958126 /* GoogleSignIn */; };
		C063119D2D0F4D1300958126 /* GoogleSignInSwift in Frameworks */ = {isa = PBXBuildFile; productRef = C063119C2D0F4D1300958126 /* GoogleSignInSwift */; };
		C06311A02D0F4E9F00958126 /* FirebaseStorage in Frameworks */ = {isa = PBXBuildFile; productRef = C063119F2D0F4E9F00958126 /* FirebaseStorage */; };
		C06311A32D0F4F2500958126 /* AlertToast in Frameworks */ = {isa = PBXBuildFile; productRef = C06311A22D0F4F2500958126 /* AlertToast */; };
		C06A55572B26508F0081B137 /* RouteView.swift in Sources */ = {isa = PBXBuildFile; fileRef = C06A55562B26508F0081B137 /* RouteView.swift */; };
		C06A55592B26626A0081B137 /* NavigatingView.swift in Sources */ = {isa = PBXBuildFile; fileRef = C06A55582B26626A0081B137 /* NavigatingView.swift */; };
		C085316D2AF1E6F900EAA434 /* SharedMapView.swift in Sources */ = {isa = PBXBuildFile; fileRef = C085316C2AF1E6F900EAA434 /* SharedMapView.swift */; };
		C08531712AF2923300EAA434 /* CustomTabBarView.swift in Sources */ = {isa = PBXBuildFile; fileRef = C08531702AF2923300EAA434 /* CustomTabBarView.swift */; };
		C08531732AF2C03A00EAA434 /* SharedMapViewModel.swift in Sources */ = {isa = PBXBuildFile; fileRef = C08531722AF2C03A00EAA434 /* SharedMapViewModel.swift */; };
		C08531752AF2C27700EAA434 /* SharedView.swift in Sources */ = {isa = PBXBuildFile; fileRef = C08531742AF2C27700EAA434 /* SharedView.swift */; };
		C0949F022AE5BD5C006EE5D2 /* ManageFriendsViewModel.swift in Sources */ = {isa = PBXBuildFile; fileRef = C0949F012AE5BD5C006EE5D2 /* ManageFriendsViewModel.swift */; };
		C0949F042AE5C484006EE5D2 /* ConfirmDeleteAccountView.swift in Sources */ = {isa = PBXBuildFile; fileRef = C0949F032AE5C484006EE5D2 /* ConfirmDeleteAccountView.swift */; };
		C09C698D2AE88382008A3148 /* FriendView.swift in Sources */ = {isa = PBXBuildFile; fileRef = C09C698C2AE88382008A3148 /* FriendView.swift */; };
		C09C69912AE883C2008A3148 /* FriendMapView.swift in Sources */ = {isa = PBXBuildFile; fileRef = C09C69902AE883C2008A3148 /* FriendMapView.swift */; };
		C09C69932AE88405008A3148 /* FriendMapViewModel.swift in Sources */ = {isa = PBXBuildFile; fileRef = C09C69922AE88405008A3148 /* FriendMapViewModel.swift */; };
		C09C6FAE2B530EFA00D07748 /* SplashView.swift in Sources */ = {isa = PBXBuildFile; fileRef = C09C6FAD2B530EFA00D07748 /* SplashView.swift */; };
		C0B4C0242B0126A0006D5022 /* TemplateMapViewModel.swift in Sources */ = {isa = PBXBuildFile; fileRef = C0B4C0232B0126A0006D5022 /* TemplateMapViewModel.swift */; };
		C0C3168C2B54C68D00192C89 /* GoogleService-Info.plist in Resources */ = {isa = PBXBuildFile; fileRef = C0C3168B2B54C68D00192C89 /* GoogleService-Info.plist */; };
		C0C316932B54CC9600192C89 /* AuthenticationViewModel.swift in Sources */ = {isa = PBXBuildFile; fileRef = C0C316922B54CC9600192C89 /* AuthenticationViewModel.swift */; };
		C0C808D82ADD83420070E679 /* BeenThereApp.swift in Sources */ = {isa = PBXBuildFile; fileRef = C0C808D72ADD83420070E679 /* BeenThereApp.swift */; };
		C0C808DA2ADD83420070E679 /* ContentView.swift in Sources */ = {isa = PBXBuildFile; fileRef = C0C808D92ADD83420070E679 /* ContentView.swift */; };
		C0C808DC2ADD83440070E679 /* Assets.xcassets in Resources */ = {isa = PBXBuildFile; fileRef = C0C808DB2ADD83440070E679 /* Assets.xcassets */; };
		C0C808DF2ADD83440070E679 /* Preview Assets.xcassets in Resources */ = {isa = PBXBuildFile; fileRef = C0C808DE2ADD83440070E679 /* Preview Assets.xcassets */; };
		C0D2A9082AE585CB006326C1 /* SettingsView.swift in Sources */ = {isa = PBXBuildFile; fileRef = C0D2A9072AE585CB006326C1 /* SettingsView.swift */; };
		C0D2A90A2AE58EF5006326C1 /* AccountViewModel.swift in Sources */ = {isa = PBXBuildFile; fileRef = C0D2A9092AE58EF5006326C1 /* AccountViewModel.swift */; };
		C0D2A90C2AE593D1006326C1 /* ManageFriendsView.swift in Sources */ = {isa = PBXBuildFile; fileRef = C0D2A90B2AE593D1006326C1 /* ManageFriendsView.swift */; };
		C0EAC0BB2B1409250003B44E /* Enums.swift in Sources */ = {isa = PBXBuildFile; fileRef = C0EAC0BA2B1409250003B44E /* Enums.swift */; };
		C0EAC0BD2B1507140003B44E /* CreatePostView.swift in Sources */ = {isa = PBXBuildFile; fileRef = C0EAC0BC2B1507140003B44E /* CreatePostView.swift */; };
		C0F46EE72AF954A000C2776A /* FeedViewModel.swift in Sources */ = {isa = PBXBuildFile; fileRef = C0F46EE62AF954A000C2776A /* FeedViewModel.swift */; };
		C0F46EE92AF954B900C2776A /* FeedView.swift in Sources */ = {isa = PBXBuildFile; fileRef = C0F46EE82AF954B900C2776A /* FeedView.swift */; };
		C0F46EEB2AF9BD2700C2776A /* MainMapView.swift in Sources */ = {isa = PBXBuildFile; fileRef = C0F46EEA2AF9BD2700C2776A /* MainMapView.swift */; };
		C0F46EED2AF9BD3400C2776A /* MainMapViewModel.swift in Sources */ = {isa = PBXBuildFile; fileRef = C0F46EEC2AF9BD3400C2776A /* MainMapViewModel.swift */; };
		C0FAD0EF2B2A7B84000BA998 /* SlidyView.swift in Sources */ = {isa = PBXBuildFile; fileRef = C0FAD0EE2B2A7B84000BA998 /* SlidyView.swift */; };
		C0FDEA702B506E7E00F728BA /* Friend.swift in Sources */ = {isa = PBXBuildFile; fileRef = C0FDEA6F2B506E7E00F728BA /* Friend.swift */; };
/* End PBXBuildFile section */

/* Begin PBXCopyFilesBuildPhase section */
		C0CA22232AF9CA2500F5667A /* Embed Frameworks */ = {
			isa = PBXCopyFilesBuildPhase;
			buildActionMask = 2147483647;
			dstPath = "";
			dstSubfolderSpec = 10;
			files = (
			);
			name = "Embed Frameworks";
			runOnlyForDeploymentPostprocessing = 0;
		};
/* End PBXCopyFilesBuildPhase section */

/* Begin PBXFileReference section */
		C001517C2AF53211007DA96F /* ChangeUsernameView.swift */ = {isa = PBXFileReference; lastKnownFileType = sourcecode.swift; path = ChangeUsernameView.swift; sourceTree = "<group>"; };
		C01B08512B2CDA300097D828 /* SettingsItemView.swift */ = {isa = PBXFileReference; lastKnownFileType = sourcecode.swift; path = SettingsItemView.swift; sourceTree = "<group>"; };
		C0245CCC2AF947CD00C7CD4F /* ProfileView.swift */ = {isa = PBXFileReference; lastKnownFileType = sourcecode.swift; path = ProfileView.swift; sourceTree = "<group>"; };
		C03126962B213146004CAE0B /* SearchBar.swift */ = {isa = PBXFileReference; lastKnownFileType = sourcecode.swift; path = SearchBar.swift; sourceTree = "<group>"; };
		C03424C62B0C55BD00A9CA9A /* Post.swift */ = {isa = PBXFileReference; lastKnownFileType = sourcecode.swift; path = Post.swift; sourceTree = "<group>"; };
		C03424C82B0C562500A9CA9A /* Location.swift */ = {isa = PBXFileReference; lastKnownFileType = sourcecode.swift; path = Location.swift; sourceTree = "<group>"; };
		C03424CA2B0C568400A9CA9A /* User.swift */ = {isa = PBXFileReference; lastKnownFileType = sourcecode.swift; path = User.swift; sourceTree = "<group>"; };
		C044EF072AED84D800AEC9E2 /* LeaderboardView.swift */ = {isa = PBXFileReference; lastKnownFileType = sourcecode.swift; path = LeaderboardView.swift; sourceTree = "<group>"; };
		C0453EBD2AE083DF00EAD893 /* BeenThere.entitlements */ = {isa = PBXFileReference; lastKnownFileType = text.plist.entitlements; path = BeenThere.entitlements; sourceTree = "<group>"; };
		C04E07262B029E9A00340D58 /* EditProfileView.swift */ = {isa = PBXFileReference; lastKnownFileType = sourcecode.swift; path = EditProfileView.swift; sourceTree = "<group>"; };
		C04E072B2B02BA2500340D58 /* EditProfileViewModel.swift */ = {isa = PBXFileReference; lastKnownFileType = sourcecode.swift; path = EditProfileViewModel.swift; sourceTree = "<group>"; };
		C053C1B42AFA94E6006B1230 /* LoginView.swift */ = {isa = PBXFileReference; fileEncoding = 4; lastKnownFileType = sourcecode.swift; path = LoginView.swift; sourceTree = "<group>"; };
		C053C1B62AFA950C006B1230 /* CreateUsernameView.swift */ = {isa = PBXFileReference; fileEncoding = 4; lastKnownFileType = sourcecode.swift; path = CreateUsernameView.swift; sourceTree = "<group>"; };
		C06A55562B26508F0081B137 /* RouteView.swift */ = {isa = PBXFileReference; lastKnownFileType = sourcecode.swift; path = RouteView.swift; sourceTree = "<group>"; };
		C06A55582B26626A0081B137 /* NavigatingView.swift */ = {isa = PBXFileReference; lastKnownFileType = sourcecode.swift; path = NavigatingView.swift; sourceTree = "<group>"; };
		C085316C2AF1E6F900EAA434 /* SharedMapView.swift */ = {isa = PBXFileReference; lastKnownFileType = sourcecode.swift; path = SharedMapView.swift; sourceTree = "<group>"; };
		C08531702AF2923300EAA434 /* CustomTabBarView.swift */ = {isa = PBXFileReference; lastKnownFileType = sourcecode.swift; path = CustomTabBarView.swift; sourceTree = "<group>"; };
		C08531722AF2C03A00EAA434 /* SharedMapViewModel.swift */ = {isa = PBXFileReference; lastKnownFileType = sourcecode.swift; path = SharedMapViewModel.swift; sourceTree = "<group>"; };
		C08531742AF2C27700EAA434 /* SharedView.swift */ = {isa = PBXFileReference; lastKnownFileType = sourcecode.swift; path = SharedView.swift; sourceTree = "<group>"; };
		C0949F012AE5BD5C006EE5D2 /* ManageFriendsViewModel.swift */ = {isa = PBXFileReference; lastKnownFileType = sourcecode.swift; path = ManageFriendsViewModel.swift; sourceTree = "<group>"; };
		C0949F032AE5C484006EE5D2 /* ConfirmDeleteAccountView.swift */ = {isa = PBXFileReference; lastKnownFileType = sourcecode.swift; path = ConfirmDeleteAccountView.swift; sourceTree = "<group>"; };
		C09C698C2AE88382008A3148 /* FriendView.swift */ = {isa = PBXFileReference; lastKnownFileType = sourcecode.swift; path = FriendView.swift; sourceTree = "<group>"; };
		C09C69902AE883C2008A3148 /* FriendMapView.swift */ = {isa = PBXFileReference; lastKnownFileType = sourcecode.swift; path = FriendMapView.swift; sourceTree = "<group>"; };
		C09C69922AE88405008A3148 /* FriendMapViewModel.swift */ = {isa = PBXFileReference; lastKnownFileType = sourcecode.swift; path = FriendMapViewModel.swift; sourceTree = "<group>"; };
		C09C6FAD2B530EFA00D07748 /* SplashView.swift */ = {isa = PBXFileReference; lastKnownFileType = sourcecode.swift; path = SplashView.swift; sourceTree = "<group>"; };
		C0B4C0232B0126A0006D5022 /* TemplateMapViewModel.swift */ = {isa = PBXFileReference; lastKnownFileType = sourcecode.swift; path = TemplateMapViewModel.swift; sourceTree = "<group>"; };
		C0C3168B2B54C68D00192C89 /* GoogleService-Info.plist */ = {isa = PBXFileReference; fileEncoding = 4; lastKnownFileType = text.plist.xml; path = "GoogleService-Info.plist"; sourceTree = "<group>"; };
		C0C316922B54CC9600192C89 /* AuthenticationViewModel.swift */ = {isa = PBXFileReference; lastKnownFileType = sourcecode.swift; path = AuthenticationViewModel.swift; sourceTree = "<group>"; };
		C0C808D42ADD83420070E679 /* BeenThere.app */ = {isa = PBXFileReference; explicitFileType = wrapper.application; includeInIndex = 0; path = BeenThere.app; sourceTree = BUILT_PRODUCTS_DIR; };
		C0C808D72ADD83420070E679 /* BeenThereApp.swift */ = {isa = PBXFileReference; lastKnownFileType = sourcecode.swift; path = BeenThereApp.swift; sourceTree = "<group>"; };
		C0C808D92ADD83420070E679 /* ContentView.swift */ = {isa = PBXFileReference; lastKnownFileType = sourcecode.swift; path = ContentView.swift; sourceTree = "<group>"; };
		C0C808DB2ADD83440070E679 /* Assets.xcassets */ = {isa = PBXFileReference; lastKnownFileType = folder.assetcatalog; path = Assets.xcassets; sourceTree = "<group>"; };
		C0C808DE2ADD83440070E679 /* Preview Assets.xcassets */ = {isa = PBXFileReference; lastKnownFileType = folder.assetcatalog; path = "Preview Assets.xcassets"; sourceTree = "<group>"; };
		C0C808E52ADD84AE0070E679 /* Info.plist */ = {isa = PBXFileReference; lastKnownFileType = text.plist; path = Info.plist; sourceTree = "<group>"; };
		C0D2A9072AE585CB006326C1 /* SettingsView.swift */ = {isa = PBXFileReference; lastKnownFileType = sourcecode.swift; path = SettingsView.swift; sourceTree = "<group>"; };
		C0D2A9092AE58EF5006326C1 /* AccountViewModel.swift */ = {isa = PBXFileReference; lastKnownFileType = sourcecode.swift; path = AccountViewModel.swift; sourceTree = "<group>"; };
		C0D2A90B2AE593D1006326C1 /* ManageFriendsView.swift */ = {isa = PBXFileReference; lastKnownFileType = sourcecode.swift; path = ManageFriendsView.swift; sourceTree = "<group>"; };
		C0EAC0BA2B1409250003B44E /* Enums.swift */ = {isa = PBXFileReference; lastKnownFileType = sourcecode.swift; path = Enums.swift; sourceTree = "<group>"; };
		C0EAC0BC2B1507140003B44E /* CreatePostView.swift */ = {isa = PBXFileReference; lastKnownFileType = sourcecode.swift; path = CreatePostView.swift; sourceTree = "<group>"; };
		C0F46EE62AF954A000C2776A /* FeedViewModel.swift */ = {isa = PBXFileReference; lastKnownFileType = sourcecode.swift; path = FeedViewModel.swift; sourceTree = "<group>"; };
		C0F46EE82AF954B900C2776A /* FeedView.swift */ = {isa = PBXFileReference; lastKnownFileType = sourcecode.swift; path = FeedView.swift; sourceTree = "<group>"; };
		C0F46EEA2AF9BD2700C2776A /* MainMapView.swift */ = {isa = PBXFileReference; lastKnownFileType = sourcecode.swift; path = MainMapView.swift; sourceTree = "<group>"; };
		C0F46EEC2AF9BD3400C2776A /* MainMapViewModel.swift */ = {isa = PBXFileReference; lastKnownFileType = sourcecode.swift; path = MainMapViewModel.swift; sourceTree = "<group>"; };
		C0FAD0EE2B2A7B84000BA998 /* SlidyView.swift */ = {isa = PBXFileReference; lastKnownFileType = sourcecode.swift; path = SlidyView.swift; sourceTree = "<group>"; };
		C0FDEA6F2B506E7E00F728BA /* Friend.swift */ = {isa = PBXFileReference; lastKnownFileType = sourcecode.swift; path = Friend.swift; sourceTree = "<group>"; };
/* End PBXFileReference section */

/* Begin PBXFrameworksBuildPhase section */
		C0C808D12ADD83420070E679 /* Frameworks */ = {
			isa = PBXFrameworksBuildPhase;
			buildActionMask = 2147483647;
			files = (
				C063119D2D0F4D1300958126 /* GoogleSignInSwift in Frameworks */,
				C06311A32D0F4F2500958126 /* AlertToast in Frameworks */,
				C06311992D0F4C2A00958126 /* MapboxMaps in Frameworks */,
				C063119B2D0F4D1300958126 /* GoogleSignIn in Frameworks */,
				C06311942D0F4B4100958126 /* FirebaseAuth in Frameworks */,
				C06311962D0F4B4100958126 /* FirebaseFirestore in Frameworks */,
				C06311A02D0F4E9F00958126 /* FirebaseStorage in Frameworks */,
			);
			runOnlyForDeploymentPostprocessing = 0;
		};
/* End PBXFrameworksBuildPhase section */

/* Begin PBXGroup section */
		C03424C02B0C51C500A9CA9A /* Resources */ = {
			isa = PBXGroup;
			children = (
				C0C3168B2B54C68D00192C89 /* GoogleService-Info.plist */,
				C0C808DB2ADD83440070E679 /* Assets.xcassets */,
				C044EF092AED8A0E00AEC9E2 /* Trash */,
				C0C808DD2ADD83440070E679 /* Preview Content */,
			);
			path = Resources;
			sourceTree = "<group>";
		};
		C03424C12B0C51ED00A9CA9A /* Views */ = {
			isa = PBXGroup;
			children = (
				C03424C52B0C534F00A9CA9A /* Elements */,
				C03424C42B0C534100A9CA9A /* Main Views */,
			);
			path = Views;
			sourceTree = "<group>";
		};
		C03424C22B0C52BB00A9CA9A /* Models */ = {
			isa = PBXGroup;
			children = (
				C03424C62B0C55BD00A9CA9A /* Post.swift */,
				C0FDEA6F2B506E7E00F728BA /* Friend.swift */,
				C03424C82B0C562500A9CA9A /* Location.swift */,
				C03424CA2B0C568400A9CA9A /* User.swift */,
				C0EAC0BA2B1409250003B44E /* Enums.swift */,
			);
			path = Models;
			sourceTree = "<group>";
		};
		C03424C32B0C52C500A9CA9A /* View Models */ = {
			isa = PBXGroup;
			children = (
				C0C316922B54CC9600192C89 /* AuthenticationViewModel.swift */,
				C0D2A9092AE58EF5006326C1 /* AccountViewModel.swift */,
				C0F46EE62AF954A000C2776A /* FeedViewModel.swift */,
				C0F46EEC2AF9BD3400C2776A /* MainMapViewModel.swift */,
				C0B4C0232B0126A0006D5022 /* TemplateMapViewModel.swift */,
				C09C69922AE88405008A3148 /* FriendMapViewModel.swift */,
				C0949F012AE5BD5C006EE5D2 /* ManageFriendsViewModel.swift */,
				C04E072B2B02BA2500340D58 /* EditProfileViewModel.swift */,
				C08531722AF2C03A00EAA434 /* SharedMapViewModel.swift */,
			);
			path = "View Models";
			sourceTree = "<group>";
		};
		C03424C42B0C534100A9CA9A /* Main Views */ = {
			isa = PBXGroup;
			children = (
				C09C6FAD2B530EFA00D07748 /* SplashView.swift */,
				C0C808D92ADD83420070E679 /* ContentView.swift */,
				C0FAD0EE2B2A7B84000BA998 /* SlidyView.swift */,
				C0245CCC2AF947CD00C7CD4F /* ProfileView.swift */,
				C06A55582B26626A0081B137 /* NavigatingView.swift */,
				C0F46EEA2AF9BD2700C2776A /* MainMapView.swift */,
				C044EF072AED84D800AEC9E2 /* LeaderboardView.swift */,
				C0949F032AE5C484006EE5D2 /* ConfirmDeleteAccountView.swift */,
				C06A55562B26508F0081B137 /* RouteView.swift */,
				C053C1B42AFA94E6006B1230 /* LoginView.swift */,
				C08531742AF2C27700EAA434 /* SharedView.swift */,
				C053C1B62AFA950C006B1230 /* CreateUsernameView.swift */,
				C04E07262B029E9A00340D58 /* EditProfileView.swift */,
				C0D2A90B2AE593D1006326C1 /* ManageFriendsView.swift */,
				C09C698C2AE88382008A3148 /* FriendView.swift */,
				C0F46EE82AF954B900C2776A /* FeedView.swift */,
				C0EAC0BC2B1507140003B44E /* CreatePostView.swift */,
			);
			path = "Main Views";
			sourceTree = "<group>";
		};
		C03424C52B0C534F00A9CA9A /* Elements */ = {
			isa = PBXGroup;
			children = (
				C08531702AF2923300EAA434 /* CustomTabBarView.swift */,
				C09C69902AE883C2008A3148 /* FriendMapView.swift */,
				C001517C2AF53211007DA96F /* ChangeUsernameView.swift */,
				C085316C2AF1E6F900EAA434 /* SharedMapView.swift */,
				C03126962B213146004CAE0B /* SearchBar.swift */,
				C0D2A9072AE585CB006326C1 /* SettingsView.swift */,
				C01B08512B2CDA300097D828 /* SettingsItemView.swift */,
			);
			path = Elements;
			sourceTree = "<group>";
		};
		C044EF092AED8A0E00AEC9E2 /* Trash */ = {
			isa = PBXGroup;
			children = (
			);
			path = Trash;
			sourceTree = "<group>";
		};
		C063119E2D0F4E9F00958126 /* Frameworks */ = {
			isa = PBXGroup;
			children = (
			);
			name = Frameworks;
			sourceTree = "<group>";
		};
		C0C808CB2ADD83420070E679 = {
			isa = PBXGroup;
			children = (
				C0C808D62ADD83420070E679 /* BeenThere */,
				C063119E2D0F4E9F00958126 /* Frameworks */,
				C0C808D52ADD83420070E679 /* Products */,
			);
			sourceTree = "<group>";
		};
		C0C808D52ADD83420070E679 /* Products */ = {
			isa = PBXGroup;
			children = (
				C0C808D42ADD83420070E679 /* BeenThere.app */,
			);
			name = Products;
			sourceTree = "<group>";
		};
		C0C808D62ADD83420070E679 /* BeenThere */ = {
			isa = PBXGroup;
			children = (
				C0453EBD2AE083DF00EAD893 /* BeenThere.entitlements */,
				C0C808E52ADD84AE0070E679 /* Info.plist */,
				C0C808D72ADD83420070E679 /* BeenThereApp.swift */,
				C03424C12B0C51ED00A9CA9A /* Views */,
				C03424C22B0C52BB00A9CA9A /* Models */,
				C03424C32B0C52C500A9CA9A /* View Models */,
				C03424C02B0C51C500A9CA9A /* Resources */,
			);
			path = BeenThere;
			sourceTree = "<group>";
		};
		C0C808DD2ADD83440070E679 /* Preview Content */ = {
			isa = PBXGroup;
			children = (
				C0C808DE2ADD83440070E679 /* Preview Assets.xcassets */,
			);
			path = "Preview Content";
			sourceTree = "<group>";
		};
/* End PBXGroup section */

/* Begin PBXNativeTarget section */
		C0C808D32ADD83420070E679 /* BeenThere */ = {
			isa = PBXNativeTarget;
			buildConfigurationList = C0C808E22ADD83440070E679 /* Build configuration list for PBXNativeTarget "BeenThere" */;
			buildPhases = (
				C0C808D02ADD83420070E679 /* Sources */,
				C0C808D12ADD83420070E679 /* Frameworks */,
				C0C808D22ADD83420070E679 /* Resources */,
				C0CA22232AF9CA2500F5667A /* Embed Frameworks */,
			);
			buildRules = (
			);
			dependencies = (
			);
			name = BeenThere;
			packageProductDependencies = (
				C06311932D0F4B4100958126 /* FirebaseAuth */,
				C06311952D0F4B4100958126 /* FirebaseFirestore */,
				C06311982D0F4C2A00958126 /* MapboxMaps */,
				C063119A2D0F4D1300958126 /* GoogleSignIn */,
				C063119C2D0F4D1300958126 /* GoogleSignInSwift */,
				C063119F2D0F4E9F00958126 /* FirebaseStorage */,
				C06311A22D0F4F2500958126 /* AlertToast */,
			);
			productName = BeenThere;
			productReference = C0C808D42ADD83420070E679 /* BeenThere.app */;
			productType = "com.apple.product-type.application";
		};
/* End PBXNativeTarget section */

/* Begin PBXProject section */
		C0C808CC2ADD83420070E679 /* Project object */ = {
			isa = PBXProject;
			attributes = {
				BuildIndependentTargetsInParallel = 1;
				LastSwiftUpdateCheck = 1500;
				LastUpgradeCheck = 1500;
				TargetAttributes = {
					C0C808D32ADD83420070E679 = {
						CreatedOnToolsVersion = 15.0;
					};
				};
			};
			buildConfigurationList = C0C808CF2ADD83420070E679 /* Build configuration list for PBXProject "BeenThere" */;
			compatibilityVersion = "Xcode 14.0";
			developmentRegion = en;
			hasScannedForEncodings = 0;
			knownRegions = (
				en,
				Base,
			);
			mainGroup = C0C808CB2ADD83420070E679;
			packageReferences = (
				C0C3168D2B54C6EB00192C89 /* XCRemoteSwiftPackageReference "GoogleSignIn-iOS" */,
				C06311922D0F4B4100958126 /* XCRemoteSwiftPackageReference "firebase-ios-sdk" */,
				C06311972D0F4C2A00958126 /* XCRemoteSwiftPackageReference "mapbox-maps-ios" */,
				C06311A12D0F4F2500958126 /* XCRemoteSwiftPackageReference "AlertToast" */,
			);
			productRefGroup = C0C808D52ADD83420070E679 /* Products */;
			projectDirPath = "";
			projectRoot = "";
			targets = (
				C0C808D32ADD83420070E679 /* BeenThere */,
			);
		};
/* End PBXProject section */

/* Begin PBXResourcesBuildPhase section */
		C0C808D22ADD83420070E679 /* Resources */ = {
			isa = PBXResourcesBuildPhase;
			buildActionMask = 2147483647;
			files = (
				C0C808DF2ADD83440070E679 /* Preview Assets.xcassets in Resources */,
				C0C808DC2ADD83440070E679 /* Assets.xcassets in Resources */,
				C0C3168C2B54C68D00192C89 /* GoogleService-Info.plist in Resources */,
			);
			runOnlyForDeploymentPostprocessing = 0;
		};
/* End PBXResourcesBuildPhase section */

/* Begin PBXSourcesBuildPhase section */
		C0C808D02ADD83420070E679 /* Sources */ = {
			isa = PBXSourcesBuildPhase;
			buildActionMask = 2147483647;
			files = (
				C09C698D2AE88382008A3148 /* FriendView.swift in Sources */,
				C0C808DA2ADD83420070E679 /* ContentView.swift in Sources */,
				C09C69932AE88405008A3148 /* FriendMapViewModel.swift in Sources */,
				C0FAD0EF2B2A7B84000BA998 /* SlidyView.swift in Sources */,
				C0EAC0BD2B1507140003B44E /* CreatePostView.swift in Sources */,
				C0F46EEB2AF9BD2700C2776A /* MainMapView.swift in Sources */,
				C04E072C2B02BA2500340D58 /* EditProfileViewModel.swift in Sources */,
				C09C6FAE2B530EFA00D07748 /* SplashView.swift in Sources */,
				C03424C92B0C562500A9CA9A /* Location.swift in Sources */,
				C08531752AF2C27700EAA434 /* SharedView.swift in Sources */,
				C03424CB2B0C568400A9CA9A /* User.swift in Sources */,
				C044EF082AED84D800AEC9E2 /* LeaderboardView.swift in Sources */,
				C08531732AF2C03A00EAA434 /* SharedMapViewModel.swift in Sources */,
				C0FDEA702B506E7E00F728BA /* Friend.swift in Sources */,
				C0D2A90A2AE58EF5006326C1 /* AccountViewModel.swift in Sources */,
				C0F46EE92AF954B900C2776A /* FeedView.swift in Sources */,
				C0C808D82ADD83420070E679 /* BeenThereApp.swift in Sources */,
				C01B08522B2CDA300097D828 /* SettingsItemView.swift in Sources */,
				C0EAC0BB2B1409250003B44E /* Enums.swift in Sources */,
				C08531712AF2923300EAA434 /* CustomTabBarView.swift in Sources */,
				C053C1B52AFA94E6006B1230 /* LoginView.swift in Sources */,
				C04E07272B029E9A00340D58 /* EditProfileView.swift in Sources */,
				C053C1B72AFA950C006B1230 /* CreateUsernameView.swift in Sources */,
				C06A55572B26508F0081B137 /* RouteView.swift in Sources */,
				C03126972B213146004CAE0B /* SearchBar.swift in Sources */,
				C0D2A9082AE585CB006326C1 /* SettingsView.swift in Sources */,
				C0B4C0242B0126A0006D5022 /* TemplateMapViewModel.swift in Sources */,
				C0F46EE72AF954A000C2776A /* FeedViewModel.swift in Sources */,
				C03424C72B0C55BD00A9CA9A /* Post.swift in Sources */,
				C0245CCD2AF947CD00C7CD4F /* ProfileView.swift in Sources */,
				C06A55592B26626A0081B137 /* NavigatingView.swift in Sources */,
				C0949F022AE5BD5C006EE5D2 /* ManageFriendsViewModel.swift in Sources */,
				C085316D2AF1E6F900EAA434 /* SharedMapView.swift in Sources */,
				C0D2A90C2AE593D1006326C1 /* ManageFriendsView.swift in Sources */,
				C0949F042AE5C484006EE5D2 /* ConfirmDeleteAccountView.swift in Sources */,
				C0C316932B54CC9600192C89 /* AuthenticationViewModel.swift in Sources */,
				C001517D2AF53211007DA96F /* ChangeUsernameView.swift in Sources */,
				C09C69912AE883C2008A3148 /* FriendMapView.swift in Sources */,
				C0F46EED2AF9BD3400C2776A /* MainMapViewModel.swift in Sources */,
			);
			runOnlyForDeploymentPostprocessing = 0;
		};
/* End PBXSourcesBuildPhase section */

/* Begin XCBuildConfiguration section */
		C0C808E02ADD83440070E679 /* Debug */ = {
			isa = XCBuildConfiguration;
			buildSettings = {
				ALWAYS_SEARCH_USER_PATHS = NO;
				ASSETCATALOG_COMPILER_GENERATE_SWIFT_ASSET_SYMBOL_EXTENSIONS = YES;
				CLANG_ANALYZER_NONNULL = YES;
				CLANG_ANALYZER_NUMBER_OBJECT_CONVERSION = YES_AGGRESSIVE;
				CLANG_CXX_LANGUAGE_STANDARD = "gnu++20";
				CLANG_ENABLE_MODULES = YES;
				CLANG_ENABLE_OBJC_ARC = YES;
				CLANG_ENABLE_OBJC_WEAK = YES;
				CLANG_WARN_BLOCK_CAPTURE_AUTORELEASING = YES;
				CLANG_WARN_BOOL_CONVERSION = YES;
				CLANG_WARN_COMMA = YES;
				CLANG_WARN_CONSTANT_CONVERSION = YES;
				CLANG_WARN_DEPRECATED_OBJC_IMPLEMENTATIONS = YES;
				CLANG_WARN_DIRECT_OBJC_ISA_USAGE = YES_ERROR;
				CLANG_WARN_DOCUMENTATION_COMMENTS = YES;
				CLANG_WARN_EMPTY_BODY = YES;
				CLANG_WARN_ENUM_CONVERSION = YES;
				CLANG_WARN_INFINITE_RECURSION = YES;
				CLANG_WARN_INT_CONVERSION = YES;
				CLANG_WARN_NON_LITERAL_NULL_CONVERSION = YES;
				CLANG_WARN_OBJC_IMPLICIT_RETAIN_SELF = YES;
				CLANG_WARN_OBJC_LITERAL_CONVERSION = YES;
				CLANG_WARN_OBJC_ROOT_CLASS = YES_ERROR;
				CLANG_WARN_QUOTED_INCLUDE_IN_FRAMEWORK_HEADER = YES;
				CLANG_WARN_RANGE_LOOP_ANALYSIS = YES;
				CLANG_WARN_STRICT_PROTOTYPES = YES;
				CLANG_WARN_SUSPICIOUS_MOVE = YES;
				CLANG_WARN_UNGUARDED_AVAILABILITY = YES_AGGRESSIVE;
				CLANG_WARN_UNREACHABLE_CODE = YES;
				CLANG_WARN__DUPLICATE_METHOD_MATCH = YES;
				COPY_PHASE_STRIP = NO;
				DEBUG_INFORMATION_FORMAT = dwarf;
				ENABLE_STRICT_OBJC_MSGSEND = YES;
				ENABLE_TESTABILITY = YES;
				ENABLE_USER_SCRIPT_SANDBOXING = YES;
				GCC_C_LANGUAGE_STANDARD = gnu17;
				GCC_DYNAMIC_NO_PIC = NO;
				GCC_NO_COMMON_BLOCKS = YES;
				GCC_OPTIMIZATION_LEVEL = 0;
				GCC_PREPROCESSOR_DEFINITIONS = (
					"DEBUG=1",
					"$(inherited)",
				);
				GCC_WARN_64_TO_32_BIT_CONVERSION = YES;
				GCC_WARN_ABOUT_RETURN_TYPE = YES_ERROR;
				GCC_WARN_UNDECLARED_SELECTOR = YES;
				GCC_WARN_UNINITIALIZED_AUTOS = YES_AGGRESSIVE;
				GCC_WARN_UNUSED_FUNCTION = YES;
				GCC_WARN_UNUSED_VARIABLE = YES;
				IPHONEOS_DEPLOYMENT_TARGET = 17.0;
				LOCALIZATION_PREFERS_STRING_CATALOGS = YES;
				MTL_ENABLE_DEBUG_INFO = INCLUDE_SOURCE;
				MTL_FAST_MATH = YES;
				ONLY_ACTIVE_ARCH = YES;
				SDKROOT = iphoneos;
				SWIFT_ACTIVE_COMPILATION_CONDITIONS = "DEBUG $(inherited)";
				SWIFT_OPTIMIZATION_LEVEL = "-Onone";
			};
			name = Debug;
		};
		C0C808E12ADD83440070E679 /* Release */ = {
			isa = XCBuildConfiguration;
			buildSettings = {
				ALWAYS_SEARCH_USER_PATHS = NO;
				ASSETCATALOG_COMPILER_GENERATE_SWIFT_ASSET_SYMBOL_EXTENSIONS = YES;
				CLANG_ANALYZER_NONNULL = YES;
				CLANG_ANALYZER_NUMBER_OBJECT_CONVERSION = YES_AGGRESSIVE;
				CLANG_CXX_LANGUAGE_STANDARD = "gnu++20";
				CLANG_ENABLE_MODULES = YES;
				CLANG_ENABLE_OBJC_ARC = YES;
				CLANG_ENABLE_OBJC_WEAK = YES;
				CLANG_WARN_BLOCK_CAPTURE_AUTORELEASING = YES;
				CLANG_WARN_BOOL_CONVERSION = YES;
				CLANG_WARN_COMMA = YES;
				CLANG_WARN_CONSTANT_CONVERSION = YES;
				CLANG_WARN_DEPRECATED_OBJC_IMPLEMENTATIONS = YES;
				CLANG_WARN_DIRECT_OBJC_ISA_USAGE = YES_ERROR;
				CLANG_WARN_DOCUMENTATION_COMMENTS = YES;
				CLANG_WARN_EMPTY_BODY = YES;
				CLANG_WARN_ENUM_CONVERSION = YES;
				CLANG_WARN_INFINITE_RECURSION = YES;
				CLANG_WARN_INT_CONVERSION = YES;
				CLANG_WARN_NON_LITERAL_NULL_CONVERSION = YES;
				CLANG_WARN_OBJC_IMPLICIT_RETAIN_SELF = YES;
				CLANG_WARN_OBJC_LITERAL_CONVERSION = YES;
				CLANG_WARN_OBJC_ROOT_CLASS = YES_ERROR;
				CLANG_WARN_QUOTED_INCLUDE_IN_FRAMEWORK_HEADER = YES;
				CLANG_WARN_RANGE_LOOP_ANALYSIS = YES;
				CLANG_WARN_STRICT_PROTOTYPES = YES;
				CLANG_WARN_SUSPICIOUS_MOVE = YES;
				CLANG_WARN_UNGUARDED_AVAILABILITY = YES_AGGRESSIVE;
				CLANG_WARN_UNREACHABLE_CODE = YES;
				CLANG_WARN__DUPLICATE_METHOD_MATCH = YES;
				COPY_PHASE_STRIP = NO;
				DEBUG_INFORMATION_FORMAT = "dwarf-with-dsym";
				ENABLE_NS_ASSERTIONS = NO;
				ENABLE_STRICT_OBJC_MSGSEND = YES;
				ENABLE_USER_SCRIPT_SANDBOXING = YES;
				GCC_C_LANGUAGE_STANDARD = gnu17;
				GCC_NO_COMMON_BLOCKS = YES;
				GCC_WARN_64_TO_32_BIT_CONVERSION = YES;
				GCC_WARN_ABOUT_RETURN_TYPE = YES_ERROR;
				GCC_WARN_UNDECLARED_SELECTOR = YES;
				GCC_WARN_UNINITIALIZED_AUTOS = YES_AGGRESSIVE;
				GCC_WARN_UNUSED_FUNCTION = YES;
				GCC_WARN_UNUSED_VARIABLE = YES;
				IPHONEOS_DEPLOYMENT_TARGET = 17.0;
				LOCALIZATION_PREFERS_STRING_CATALOGS = YES;
				MTL_ENABLE_DEBUG_INFO = NO;
				MTL_FAST_MATH = YES;
				SDKROOT = iphoneos;
				SWIFT_COMPILATION_MODE = wholemodule;
				VALIDATE_PRODUCT = YES;
			};
			name = Release;
		};
		C0C808E32ADD83440070E679 /* Debug */ = {
			isa = XCBuildConfiguration;
			buildSettings = {
				ASSETCATALOG_COMPILER_APPICON_NAME = AppIcon;
				ASSETCATALOG_COMPILER_GLOBAL_ACCENT_COLOR_NAME = AccentColor;
				CODE_SIGN_ENTITLEMENTS = BeenThere/BeenThere.entitlements;
				CODE_SIGN_STYLE = Automatic;
				CURRENT_PROJECT_VERSION = 12;
				DEVELOPMENT_ASSET_PATHS = "BeenThere/Resources/Preview\\ Content";
				DEVELOPMENT_TEAM = 5SGZH379X4;
				ENABLE_PREVIEWS = YES;
				GENERATE_INFOPLIST_FILE = YES;
				INFOPLIST_FILE = BeenThere/Info.plist;
				INFOPLIST_KEY_CFBundleDisplayName = "Been There";
				INFOPLIST_KEY_LSApplicationCategoryType = "public.app-category.lifestyle";
				INFOPLIST_KEY_NSLocationAlwaysAndWhenInUseUsageDescription = "This app needs your location always to log where you have visited while the app is closed";
				INFOPLIST_KEY_NSLocationWhenInUseUsageDescription = "This app needs your location to log where you have visited while the app is open.";
				INFOPLIST_KEY_UIApplicationSceneManifest_Generation = YES;
				INFOPLIST_KEY_UIApplicationSupportsIndirectInputEvents = YES;
				INFOPLIST_KEY_UILaunchScreen_Generation = YES;
				INFOPLIST_KEY_UISupportedInterfaceOrientations = UIInterfaceOrientationPortrait;
				INFOPLIST_KEY_UISupportedInterfaceOrientations_iPad = "UIInterfaceOrientationLandscapeLeft UIInterfaceOrientationLandscapeRight UIInterfaceOrientationPortrait UIInterfaceOrientationPortraitUpsideDown";
				IPHONEOS_DEPLOYMENT_TARGET = 17.0;
				LD_RUNPATH_SEARCH_PATHS = (
					"$(inherited)",
					"@executable_path/Frameworks",
				);
				MARKETING_VERSION = 1.1.0;
				PRODUCT_BUNDLE_IDENTIFIER = me.jareddanieljones.BeenThere;
				PRODUCT_NAME = "$(TARGET_NAME)";
				SUPPORTED_PLATFORMS = "iphoneos iphonesimulator";
				SUPPORTS_MACCATALYST = NO;
				SUPPORTS_MAC_DESIGNED_FOR_IPHONE_IPAD = YES;
				SWIFT_EMIT_LOC_STRINGS = YES;
				SWIFT_VERSION = 5.0;
				TARGETED_DEVICE_FAMILY = "1,2";
			};
			name = Debug;
		};
		C0C808E42ADD83440070E679 /* Release */ = {
			isa = XCBuildConfiguration;
			buildSettings = {
				ASSETCATALOG_COMPILER_APPICON_NAME = AppIcon;
				ASSETCATALOG_COMPILER_GLOBAL_ACCENT_COLOR_NAME = AccentColor;
				CODE_SIGN_ENTITLEMENTS = BeenThere/BeenThere.entitlements;
				CODE_SIGN_STYLE = Automatic;
				CURRENT_PROJECT_VERSION = 12;
				DEVELOPMENT_ASSET_PATHS = "BeenThere/Resources/Preview\\ Content";
				DEVELOPMENT_TEAM = 5SGZH379X4;
				ENABLE_PREVIEWS = YES;
				GENERATE_INFOPLIST_FILE = YES;
				INFOPLIST_FILE = BeenThere/Info.plist;
				INFOPLIST_KEY_CFBundleDisplayName = "Been There";
				INFOPLIST_KEY_LSApplicationCategoryType = "public.app-category.lifestyle";
				INFOPLIST_KEY_NSLocationAlwaysAndWhenInUseUsageDescription = "This app needs your location always to log where you have visited while the app is closed";
				INFOPLIST_KEY_NSLocationWhenInUseUsageDescription = "This app needs your location to log where you have visited while the app is open.";
				INFOPLIST_KEY_UIApplicationSceneManifest_Generation = YES;
				INFOPLIST_KEY_UIApplicationSupportsIndirectInputEvents = YES;
				INFOPLIST_KEY_UILaunchScreen_Generation = YES;
				INFOPLIST_KEY_UISupportedInterfaceOrientations = UIInterfaceOrientationPortrait;
				INFOPLIST_KEY_UISupportedInterfaceOrientations_iPad = "UIInterfaceOrientationLandscapeLeft UIInterfaceOrientationLandscapeRight UIInterfaceOrientationPortrait UIInterfaceOrientationPortraitUpsideDown";
				IPHONEOS_DEPLOYMENT_TARGET = 17.0;
				LD_RUNPATH_SEARCH_PATHS = (
					"$(inherited)",
					"@executable_path/Frameworks",
				);
				MARKETING_VERSION = 1.1.0;
				PRODUCT_BUNDLE_IDENTIFIER = me.jareddanieljones.BeenThere;
				PRODUCT_NAME = "$(TARGET_NAME)";
				SUPPORTED_PLATFORMS = "iphoneos iphonesimulator";
				SUPPORTS_MACCATALYST = NO;
				SUPPORTS_MAC_DESIGNED_FOR_IPHONE_IPAD = YES;
				SWIFT_EMIT_LOC_STRINGS = YES;
				SWIFT_VERSION = 5.0;
				TARGETED_DEVICE_FAMILY = "1,2";
			};
			name = Release;
		};
/* End XCBuildConfiguration section */

/* Begin XCConfigurationList section */
		C0C808CF2ADD83420070E679 /* Build configuration list for PBXProject "BeenThere" */ = {
			isa = XCConfigurationList;
			buildConfigurations = (
				C0C808E02ADD83440070E679 /* Debug */,
				C0C808E12ADD83440070E679 /* Release */,
			);
			defaultConfigurationIsVisible = 0;
			defaultConfigurationName = Release;
		};
		C0C808E22ADD83440070E679 /* Build configuration list for PBXNativeTarget "BeenThere" */ = {
			isa = XCConfigurationList;
			buildConfigurations = (
				C0C808E32ADD83440070E679 /* Debug */,
				C0C808E42ADD83440070E679 /* Release */,
			);
			defaultConfigurationIsVisible = 0;
			defaultConfigurationName = Release;
		};
/* End XCConfigurationList section */

/* Begin XCRemoteSwiftPackageReference section */
		C06311922D0F4B4100958126 /* XCRemoteSwiftPackageReference "firebase-ios-sdk" */ = {
			isa = XCRemoteSwiftPackageReference;
			repositoryURL = "https://github.com/firebase/firebase-ios-sdk";
			requirement = {
				kind = upToNextMajorVersion;
				minimumVersion = 11.6.0;
			};
		};
		C06311972D0F4C2A00958126 /* XCRemoteSwiftPackageReference "mapbox-maps-ios" */ = {
			isa = XCRemoteSwiftPackageReference;
			repositoryURL = "https://github.com/mapbox/mapbox-maps-ios";
			requirement = {
				branch = main;
				kind = branch;
			};
		};
		C06311A12D0F4F2500958126 /* XCRemoteSwiftPackageReference "AlertToast" */ = {
			isa = XCRemoteSwiftPackageReference;
			repositoryURL = "https://github.com/elai950/AlertToast";
			requirement = {
				kind = upToNextMajorVersion;
				minimumVersion = 1.3.9;
			};
		};
		C0C3168D2B54C6EB00192C89 /* XCRemoteSwiftPackageReference "GoogleSignIn-iOS" */ = {
			isa = XCRemoteSwiftPackageReference;
			repositoryURL = "https://github.com/google/GoogleSignIn-iOS";
			requirement = {
				kind = upToNextMajorVersion;
				minimumVersion = 7.0.0;
			};
		};
/* End XCRemoteSwiftPackageReference section */

/* Begin XCSwiftPackageProductDependency section */
		C06311932D0F4B4100958126 /* FirebaseAuth */ = {
			isa = XCSwiftPackageProductDependency;
			package = C06311922D0F4B4100958126 /* XCRemoteSwiftPackageReference "firebase-ios-sdk" */;
			productName = FirebaseAuth;
		};
		C06311952D0F4B4100958126 /* FirebaseFirestore */ = {
			isa = XCSwiftPackageProductDependency;
			package = C06311922D0F4B4100958126 /* XCRemoteSwiftPackageReference "firebase-ios-sdk" */;
			productName = FirebaseFirestore;
		};
		C06311982D0F4C2A00958126 /* MapboxMaps */ = {
			isa = XCSwiftPackageProductDependency;
			package = C06311972D0F4C2A00958126 /* XCRemoteSwiftPackageReference "mapbox-maps-ios" */;
			productName = MapboxMaps;
		};
		C063119A2D0F4D1300958126 /* GoogleSignIn */ = {
			isa = XCSwiftPackageProductDependency;
			package = C0C3168D2B54C6EB00192C89 /* XCRemoteSwiftPackageReference "GoogleSignIn-iOS" */;
			productName = GoogleSignIn;
		};
		C063119C2D0F4D1300958126 /* GoogleSignInSwift */ = {
			isa = XCSwiftPackageProductDependency;
			package = C0C3168D2B54C6EB00192C89 /* XCRemoteSwiftPackageReference "GoogleSignIn-iOS" */;
			productName = GoogleSignInSwift;
		};
		C063119F2D0F4E9F00958126 /* FirebaseStorage */ = {
			isa = XCSwiftPackageProductDependency;
			package = C06311922D0F4B4100958126 /* XCRemoteSwiftPackageReference "firebase-ios-sdk" */;
			productName = FirebaseStorage;
		};
		C06311A22D0F4F2500958126 /* AlertToast */ = {
			isa = XCSwiftPackageProductDependency;
			package = C06311A12D0F4F2500958126 /* XCRemoteSwiftPackageReference "AlertToast" */;
			productName = AlertToast;
		};
/* End XCSwiftPackageProductDependency section */
	};
	rootObject = C0C808CC2ADD83420070E679 /* Project object */;
}
